PODS:
  - Alamofire (4.9.1)
  - AttributedTextView (1.4.1)
  - Crashlytics (3.14.0):
    - Fabric (~> 1.10.2)
  - Differentiator (4.0.1)
  - ESPullToRefresh (2.9.2)
  - Eureka (5.2.0)
  - Fabric (1.10.2)
  - FacebookCore (0.9.0):
    - FBSDKCoreKit (~> 5.0)
  - FacebookLogin (0.9.0):
    - FacebookCore (~> 0.9.0)
    - FBSDKCoreKit (~> 5.0)
    - FBSDKLoginKit (~> 5.0)
  - FBSDKCoreKit (5.15.1):
    - FBSDKCoreKit/Basics (= 5.15.1)
    - FBSDKCoreKit/Core (= 5.15.1)
  - FBSDKCoreKit/Basics (5.15.1)
  - FBSDKCoreKit/Core (5.15.1):
    - FBSDKCoreKit/Basics
  - FBSDKLoginKit (5.15.1):
    - FBSDKLoginKit/Login (= 5.15.1)
  - FBSDKLoginKit/Login (5.15.1):
    - FBSDKCoreKit (~> 5.0)
  - Firebase/CoreOnly (6.19.0):
    - FirebaseCore (= 6.6.4)
  - Firebase/Performance (6.19.0):
    - FirebaseCoreDiagnosticsInterop (~> 1.2)
    - GoogleDataTransportCCTSupport (~> 2.0)
    - GoogleUtilities/Environment (~> 6.5)
    - GoogleUtilities/Logger (~> 6.5)
    - nanopb (~> 0.3.901)
  - FirebaseCoreDiagnosticsInterop (1.2.0)
  - FirebaseInstallations (1.1.0):
    - FirebaseCore (~> 6.6)
    - GoogleUtilities/UserDefaults (~> 6.5)
    - PromisesObjC (~> 1.2)
  - FirebaseInstanceID (4.3.2):
    - FirebaseCore (~> 6.6)
    - FirebaseInstallations (~> 1.0)
    - GoogleUtilities/Environment (~> 6.5)
    - GoogleUtilities/UserDefaults (~> 6.5)
  - FirebasePerformance (3.1.10):
    - FirebaseCore (~> 6.6)
    - FirebaseInstanceID (~> 4.3)
    - FirebaseRemoteConfig (~> 4.4)
    - GoogleToolboxForMac/Logger (~> 2.1)
    - "GoogleToolboxForMac/NSData+zlib (~> 2.1)"
    - GoogleUtilities/Environment (~> 6.2)
    - GoogleUtilities/ISASwizzler (~> 6.2)
    - GoogleUtilities/MethodSwizzler (~> 6.2)
    - GTMSessionFetcher/Core (~> 1.1)
    - Protobuf (~> 3.9)
<<<<<<< HEAD
  - FirebaseRemoteConfig (4.4.8):
=======
  - FirebaseRemoteConfig (4.4.9):
>>>>>>> master
    - FirebaseABTesting (~> 3.1)
    - FirebaseAnalyticsInterop (~> 1.4)
    - FirebaseCore (~> 6.2)
    - FirebaseInstanceID (~> 4.2)
    - GoogleUtilities/Environment (~> 6.2)
    - "GoogleUtilities/NSData+zlib (~> 6.2)"
    - Protobuf (>= 3.9.2, ~> 3.9)
  - Fuzi (3.1.1)
<<<<<<< HEAD
  - GoogleDataTransport (4.0.1)
  - GoogleDataTransportCCTSupport (1.4.1):
    - GoogleDataTransport (~> 4.0)
=======
  - GoogleDataTransport (5.0.0)
  - GoogleDataTransportCCTSupport (2.0.0):
    - GoogleDataTransport (~> 5.0)
>>>>>>> master
    - nanopb (~> 0.3.901)
  - GoogleToolboxForMac/Defines (2.2.2)
  - GoogleToolboxForMac/Logger (2.2.2):
    - GoogleToolboxForMac/Defines (= 2.2.2)
  - "GoogleToolboxForMac/NSData+zlib (2.2.2)":
    - GoogleToolboxForMac/Defines (= 2.2.2)
  - GoogleUtilities/Environment (6.5.1)
  - GoogleUtilities/ISASwizzler (6.5.1)
  - GoogleUtilities/Logger (6.5.1):
    - GoogleUtilities/Environment
  - GoogleUtilities/MethodSwizzler (6.5.1):
    - GoogleUtilities/Logger
  - "GoogleUtilities/NSData+zlib (6.5.1)"
  - GoogleUtilities/UserDefaults (6.5.1):
    - GoogleUtilities/Logger
  - GTMSessionFetcher/Core (1.3.1)
  - Kanna (5.0.0)
  - Kingfisher (5.13.2):
    - Kingfisher/Core (= 5.13.2)
  - Kingfisher/Core (5.13.2)
  - M80AttributedLabel (1.9.9)
  - MGFormatter (0.4.1):
    - AttributedTextView (~> 1.3)
    - Fuzi (~> 3)
    - MGFormatter/Core (= 0.4.1)
    - SwiftyJSON (~> 4.3)
  - MGFormatter/Core (0.4.1):
    - AttributedTextView (~> 1.3)
    - Fuzi (~> 3)
    - SwiftyJSON (~> 4.3)
  - MGKeyboardAccessory/Core (0.6.1)
  - MGKeyboardAccessory/Rx (0.6.1):
    - MGKeyboardAccessory/Core (~> 0)
    - RxCocoa (~> 5.0)
  - MGSelector (0.2):
    - SnapKit (~> 5)
  - nanopb (0.3.9011):
    - nanopb/decode (= 0.3.9011)
    - nanopb/encode (= 0.3.9011)
  - nanopb/decode (0.3.9011)
  - nanopb/encode (0.3.9011)
  - NVActivityIndicatorView (4.8.0):
    - NVActivityIndicatorView/Presenter (= 4.8.0)
  - NVActivityIndicatorView/Presenter (4.8.0)
  - PagingKit (1.12.0)
  - PromisesObjC (1.2.8)
  - Protobuf (3.11.4)
  - R.swift (5.1.0):
    - R.swift.Library (~> 5.1.0)
  - R.swift.Library (5.1.0)
  - ReachabilitySwift (5.0.0)
  - Reusable (4.1.1):
    - Reusable/Storyboard (= 4.1.1)
    - Reusable/View (= 4.1.1)
  - Reusable/Storyboard (4.1.1)
  - Reusable/View (4.1.1)
  - RxAlamofire (5.1.0):
    - RxAlamofire/Core (= 5.1.0)
  - RxAlamofire/Core (5.1.0):
    - Alamofire (~> 4.8)
    - RxSwift (~> 5.0)
  - RxAlertViewable (0.8.4):
    - RxCocoa (~> 5)
    - RxSwift (~> 5)
  - RxBinding (0.3.1):
    - RxCocoa (~> 5)
    - RxSwift (~> 5)
  - RxCocoa (5.1.0):
    - RxRelay (~> 5)
    - RxSwift (~> 5)
  - RxController (0.10):
    - RxCocoa (~> 5)
    - RxFlow (~> 2.7)
    - RxSwift (~> 5)
  - RxDataSources (4.0.1):
    - Differentiator (~> 4.0)
    - RxCocoa (~> 5.0)
    - RxSwift (~> 5.0)
  - RxDataSourcesSingleSection (0.2.1):
    - Reusable (~> 4)
    - RxCocoa (~> 5)
    - RxDataSources (~> 4)
    - RxSwift (~> 5)
  - RxFlow (2.7.0):
    - RxCocoa (>= 5.0.0)
    - RxSwift (>= 5.0.0)
  - RxKeyboard (1.0.0):
    - RxCocoa (~> 5.0)
    - RxSwift (~> 5.0)
  - RxRelay (5.1.0):
    - RxSwift (~> 5)
  - RxSwift (5.1.0)
  - SnapKit (5.0.1)
  - SwiftyJSON (4.3.0)
  - SwiftyUserDefaults (5.0.0)
  - SwipeBack (1.1.1)
  - UIGradient (1.3.1)
  - "UIImageView+Extension (0.2.6)"
  - "UITextView+Placeholder (1.4.0)"

DEPENDENCIES:
  - Alamofire
  - Crashlytics
  - ESPullToRefresh
  - Eureka
  - Fabric
  - FacebookCore
  - FacebookLogin
  - Firebase/Performance
  - Kanna
  - Kingfisher
  - M80AttributedLabel
  - MGFormatter
  - MGKeyboardAccessory/Rx
  - MGSelector
  - NVActivityIndicatorView
  - PagingKit
  - R.swift
  - ReachabilitySwift
  - Reusable
  - RxAlamofire
  - RxAlertViewable
  - RxBinding
  - RxCocoa
  - RxController
  - RxDataSourcesSingleSection
  - RxFlow
  - RxKeyboard
  - RxSwift
  - SnapKit
  - SwiftyJSON
  - SwiftyUserDefaults
  - SwipeBack
  - UIGradient
  - "UIImageView+Extension"
  - "UITextView+Placeholder"

SPEC REPOS:
  trunk:
    - Alamofire
    - AttributedTextView
    - Crashlytics
    - Differentiator
    - ESPullToRefresh
    - Eureka
    - Fabric
    - FacebookCore
    - FacebookLogin
    - FBSDKCoreKit
    - FBSDKLoginKit
    - Firebase
    - FirebaseABTesting
    - FirebaseAnalyticsInterop
    - FirebaseCore
    - FirebaseCoreDiagnostics
    - FirebaseCoreDiagnosticsInterop
    - FirebaseInstallations
    - FirebaseInstanceID
    - FirebasePerformance
    - FirebaseRemoteConfig
    - Fuzi
    - GoogleDataTransport
    - GoogleDataTransportCCTSupport
    - GoogleToolboxForMac
    - GoogleUtilities
    - GTMSessionFetcher
    - Kanna
    - Kingfisher
    - M80AttributedLabel
    - MGFormatter
    - MGKeyboardAccessory
    - MGSelector
    - nanopb
    - NVActivityIndicatorView
    - PagingKit
    - PromisesObjC
    - Protobuf
    - R.swift
    - R.swift.Library
    - ReachabilitySwift
    - Reusable
    - RxAlamofire
    - RxAlertViewable
    - RxBinding
    - RxCocoa
    - RxController
    - RxDataSources
    - RxDataSourcesSingleSection
    - RxFlow
    - RxKeyboard
    - RxRelay
    - RxSwift
    - SnapKit
    - SwiftyJSON
    - SwiftyUserDefaults
    - SwipeBack
    - UIGradient
    - "UIImageView+Extension"
    - "UITextView+Placeholder"

SPEC CHECKSUMS:
  Alamofire: 85e8a02c69d6020a0d734f6054870d7ecb75cf18
  AttributedTextView: 9e01651d96c1af861a9c67c2cc3f94c30320d1c2
  Crashlytics: 540b7e5f5da5a042647227a5e3ac51d85eed06df
  Differentiator: 886080237d9f87f322641dedbc5be257061b0602
  ESPullToRefresh: efed00d52597065e9a84e1e52fa444fdb1a1dee0
  Eureka: 820a761c700f6eaab3b60758f138e0d9b99072b3
  Fabric: 706c8b8098fff96c33c0db69cbf81f9c551d0d74
  FacebookCore: ba86524b66cfa86d0f8e65d08faa8504a9f732dd
  FacebookLogin: 6cee9fd6e1fe976fe8f7eec199e27b28b14f5d63
  FBSDKCoreKit: 1d5acf7c9d7a2f92bb1a242dc60cae5b7adb91df
  FBSDKLoginKit: f1ea8026a58b52d30c9f2e6a58ca7d813619fb83
<<<<<<< HEAD
  Firebase: 0490eca762a72e4f1582319539153897f1508dee
  FirebaseABTesting: 0d10f3cdc3fa00f3f175b5b56c1003c8e888299f
  FirebaseAnalyticsInterop: 3f86269c38ae41f47afeb43ebf32a001f58fcdae
  FirebaseCore: 78276943ad85e616dfa54dafa6c89512987d9d60
  FirebaseCoreDiagnostics: 2109d10c35e8289b1ee6cabf44d9ffb055620194
=======
  Firebase: d55ddb0e0bb3207166cddc028647833d8a1b5b6f
  FirebaseABTesting: 821a3a3e4a145987e80fee3657c4de1cb9adf693
  FirebaseAnalyticsInterop: 3f86269c38ae41f47afeb43ebf32a001f58fcdae
  FirebaseCore: ed0a24c758a57c2b88c5efa8e6a8195e868af589
  FirebaseCoreDiagnostics: e9b4cd8ba60dee0f2d13347332e4b7898cca5b61
>>>>>>> master
  FirebaseCoreDiagnosticsInterop: 296e2c5f5314500a850ad0b83e9e7c10b011a850
  FirebaseInstallations: 575cd32f2aec0feeb0e44f5d0110a09e5e60b47b
  FirebaseInstanceID: 7ee0d6777013bb952f377b41965bf132b6a075be
  FirebasePerformance: a9b0985f80d2a5cf780cf9bd4db920b45c200507
<<<<<<< HEAD
  FirebaseRemoteConfig: 83d34cb1fa6fed2277370029b59b1883ae4861a4
  Fuzi: bcc5694488dd6e672e126cbf3c5471d7a79506d1
  GoogleDataTransport: 653963cf5be60fb59cf051e070f0836fdc305f81
  GoogleDataTransportCCTSupport: 84e4d4bbab642f2e9d83ee65d78aca2b5527d314
=======
  FirebaseRemoteConfig: 47abf7a04a9082091955ea555aa79cfdd249b19c
  Fuzi: bcc5694488dd6e672e126cbf3c5471d7a79506d1
  GoogleDataTransport: a857c6a002d201b524dd4bc2ed7e7355ed07e785
  GoogleDataTransportCCTSupport: 32f75fbe904c82772fcbb6b6bd4525bfb6f2a862
>>>>>>> master
  GoogleToolboxForMac: 800648f8b3127618c1b59c7f97684427630c5ea3
  GoogleUtilities: 06eb53bb579efe7099152735900dd04bf09e7275
  GTMSessionFetcher: cea130bbfe5a7edc8d06d3f0d17288c32ffe9925
  Kanna: a32875df62975f8f4b871e933b4ea1a5c3b8be0f
  Kingfisher: d342c8354c10c3d85a27d6d4c42c41285924b898
  M80AttributedLabel: 77fedfe63804c989a6de0fa4d400ea8cad3ab441
  MGFormatter: f7e8a7fa333f6d7cbd55dbdcc142533fdb7c068e
  MGKeyboardAccessory: 9b3a5ace073f772809bf88e900729aef86901047
  MGSelector: e6dd39fb0dac1a577d9644f7766579cf9b9b18ad
  nanopb: 18003b5e52dab79db540fe93fe9579f399bd1ccd
  NVActivityIndicatorView: d24b7ebcf80af5dcd994adb650e2b6c93379270f
  PagingKit: 3aa34f2547edad4809da888d5fa1b930456753f0
  PromisesObjC: c119f3cd559f50b7ae681fa59dc1acd19173b7e6
  Protobuf: 176220c526ad8bd09ab1fb40a978eac3fef665f7
  R.swift: 8cbc4fc69b740305b6a17c8a8ed968eb788962d9
  R.swift.Library: fa85ce1e0d0b7e818cd9e080df910ba54d2776cc
  ReachabilitySwift: 985039c6f7b23a1da463388634119492ff86c825
  Reusable: 53a9acf5c536f229b31b5865782414b508252ddb
  RxAlamofire: a2d7621de4c23a0c6e7b476b504acc32838ee341
  RxAlertViewable: 0dbe70c15bd258fba5fadb8418c5401dca228b15
  RxBinding: 58be2cf1311165489a66eacb4a3e33932d598a53
  RxCocoa: 13d2a4d7546a34b8ececae8c281e4ea1dbb94f2b
  RxController: c596ce5b2bc9ab933649690838d60118f0e4b110
  RxDataSources: efee07fa4de48477eca0a4611e6d11e2da9c1114
  RxDataSourcesSingleSection: 4394e57ae097f33e3845cf3a57bdf7826eca2d38
  RxFlow: 605ef6364d7e937bea8f9507a1e99a431cdc2493
  RxKeyboard: 6683c4344304a00f943c158bd8a43ce5469c82a7
  RxRelay: a168bd6caf712d00c676ac344e9295afc93b418e
  RxSwift: ad5874f24bb0dbffd1e9bb8443604e3578796c7a
  SnapKit: 97b92857e3df3a0c71833cce143274bf6ef8e5eb
  SwiftyJSON: 6faa0040f8b59dead0ee07436cbf76b73c08fd08
  SwiftyUserDefaults: 33fcb42bd1feb53a37d873feb62c82967db5f7f6
  SwipeBack: d6759601b40da1f4161033feb30ab475d7d04322
  UIGradient: 9c7041327bf202b09aab2db7c33fb41f768b19ea
  "UIImageView+Extension": bc26c60a9c8cd6fb515ae1e37377a6f0988e76d8
  "UITextView+Placeholder": d7b0c400921f66523f3a85d74f774512e14f6502

PODFILE CHECKSUM: 867486846469b3cffa59a2b0ec1151a13c888bd7

COCOAPODS: 1.9.0
