PODS:
  - Alamofire (4.8.2)
  - AttributedTextView (1.4.1)
  - Differentiator (4.0.1)
  - ESPullToRefresh (2.9)
  - Eureka (5.0.0)
  - FacebookCore (0.7.0):
    - FBSDKCoreKit (~> 5.0)
  - FacebookLogin (0.7.0):
    - FacebookCore (~> 0.7)
    - FBSDKCoreKit (~> 5.0)
    - FBSDKLoginKit (~> 5.0)
  - FBSDKCoreKit (5.0.1):
    - FBSDKCoreKit/Basics (= 5.0.1)
    - FBSDKCoreKit/Core (= 5.0.1)
  - FBSDKCoreKit/Basics (5.0.1)
  - FBSDKCoreKit/Core (5.0.1):
    - FBSDKCoreKit/Basics
  - FBSDKLoginKit (5.0.1):
    - FBSDKCoreKit (~> 5.0)
  - Fuzi (3.1.0)
  - Kanna (5.0.0)
  - Kingfisher (5.5.0)
  - M80AttributedLabel (1.9.5)
  - MGFormatter (0.4):
    - AttributedTextView (~> 1.3)
    - Fuzi (~> 3)
    - MGFormatter/Core (= 0.4)
    - SwiftyJSON (~> 4.3)
  - MGFormatter/Core (0.4):
    - AttributedTextView (~> 1.3)
    - Fuzi (~> 3)
    - SwiftyJSON (~> 4.3)
  - MGKeyboardAccessory (0.5):
    - MGKeyboardAccessory/Core (= 0.5)
  - MGKeyboardAccessory/Core (0.5)
  - MGSelector (0.2):
    - SnapKit (~> 5)
  - NVActivityIndicatorView (4.7.0):
    - NVActivityIndicatorView/Presenter (= 4.7.0)
  - NVActivityIndicatorView/Presenter (4.7.0)
  - PagingKit (1.10.0)
  - R.swift (5.0.3):
    - R.swift.Library (~> 5.0.0)
  - R.swift.Library (5.0.1)
  - ReachabilitySwift (4.3.1)
  - Reusable (4.1.0):
    - Reusable/Storyboard (= 4.1.0)
    - Reusable/View (= 4.1.0)
  - Reusable/Storyboard (4.1.0)
  - Reusable/View (4.1.0)
  - RxAlamofire (5.0.0):
    - RxAlamofire/Core (= 5.0.0)
  - RxAlamofire/Core (5.0.0):
    - Alamofire (~> 4.8)
    - RxSwift (~> 5.0)
  - RxAlertViewable (0.6):
    - RxCocoa (~> 5)
    - RxSwift (~> 5)
  - RxBinding (0.3.1):
    - RxCocoa (~> 5)
    - RxSwift (~> 5)
  - RxCocoa (5.0.0):
    - RxRelay (~> 5)
    - RxSwift (~> 5)
  - RxController (0.4):
    - RxCocoa (~> 5)
    - RxFlow (~> 2)
    - RxSwift (~> 5)
  - RxDataSources (4.0.1):
    - Differentiator (~> 4.0)
    - RxCocoa (~> 5.0)
    - RxSwift (~> 5.0)
  - RxFlow (2.3.0):
    - RxCocoa (>= 5.0.0)
    - RxSwift (>= 5.0.0)
  - RxKeyboard (1.0.0):
    - RxCocoa (~> 5.0)
    - RxSwift (~> 5.0)
  - RxRelay (5.0.0):
    - RxSwift (~> 5)
  - RxSwift (5.0.0)
  - SnapKit (5.0.0)
  - SwiftyJSON (4.3.0)
  - SwiftyUserDefaults (4.0.0)
  - SwipeBack (1.1.1)
  - UIGradient (1.3.1)
  - "UIImageView+Extension (0.2.6)"
  - "UITextView+Placeholder (1.2.1)"

DEPENDENCIES:
  - Alamofire
  - ESPullToRefresh
  - Eureka
  - FacebookCore
  - FacebookLogin
  - Kanna
  - Kingfisher
  - M80AttributedLabel
  - MGFormatter
  - MGKeyboardAccessory
  - MGSelector
  - NVActivityIndicatorView
  - PagingKit
  - R.swift
  - ReachabilitySwift
  - Reusable
  - RxAlamofire
  - RxAlertViewable
  - RxBinding
  - RxCocoa
  - RxController
  - RxDataSources
  - RxFlow
  - RxKeyboard
  - RxSwift
  - SnapKit
  - SwiftyJSON
  - SwiftyUserDefaults
  - SwipeBack
  - UIGradient
  - "UIImageView+Extension"
  - "UITextView+Placeholder"

SPEC REPOS:
  https://github.com/cocoapods/specs.git:
    - Alamofire
    - AttributedTextView
    - Differentiator
    - ESPullToRefresh
    - Eureka
    - FacebookCore
    - FacebookLogin
    - FBSDKCoreKit
    - FBSDKLoginKit
    - Fuzi
    - Kanna
    - Kingfisher
    - M80AttributedLabel
    - MGFormatter
    - MGKeyboardAccessory
    - MGSelector
    - NVActivityIndicatorView
    - PagingKit
    - R.swift
    - R.swift.Library
    - ReachabilitySwift
    - Reusable
    - RxAlamofire
    - RxAlertViewable
    - RxBinding
    - RxCocoa
    - RxController
    - RxDataSources
    - RxFlow
    - RxKeyboard
    - RxRelay
    - RxSwift
    - SnapKit
    - SwiftyJSON
    - SwiftyUserDefaults
    - SwipeBack
    - UIGradient
    - "UIImageView+Extension"
    - "UITextView+Placeholder"

SPEC CHECKSUMS:
  Alamofire: ae5c501addb7afdbb13687d7f2f722c78734c2d3
  AttributedTextView: 9e01651d96c1af861a9c67c2cc3f94c30320d1c2
  Differentiator: 886080237d9f87f322641dedbc5be257061b0602
  ESPullToRefresh: ce058a36454a5032519cc9d8b45da217728cf104
  Eureka: 0f64f477ec8ef6201c6fec143d60ff5c201cf654
  FacebookCore: 4eee98476cb37a485af5d337eb21f8cd5b3c7e6c
  FacebookLogin: 94cdad6850e86a2b04704dedfe7674a7af8148eb
  FBSDKCoreKit: 4a19534474ade7c71bd016d800aa5e7722bcdda1
  FBSDKLoginKit: 41efa754b909b0ea813fa9a8596dacc8ed196d50
  Fuzi: 92082746c28d36ae0943079e03008f4d4c8b49b0
  Kanna: a32875df62975f8f4b871e933b4ea1a5c3b8be0f
  Kingfisher: 6fe5e67a90fd335e49b0f5c075ff55ac5ebedd94
  M80AttributedLabel: d1177fbd7451d134794b50e91ca8b0cb167ef530
  MGFormatter: 32a94fea1478c9df39783dfbf692b0238a896a15
  MGKeyboardAccessory: a9f30a9c1fd158b1895aada9aab905a3c4b93581
  MGSelector: e6dd39fb0dac1a577d9644f7766579cf9b9b18ad
  NVActivityIndicatorView: b19ddab2576f805cbe0fb2306cba3476e09a1dea
  PagingKit: 05ff12fc68f9f7ca10d75a7acdcc6c362c7f4fe3
  R.swift: f5a87643b91ea569d23d6afb3eee9c743edde239
  R.swift.Library: cfe85d569d9bae6cb262922db130e7c3a7a5fad1
  ReachabilitySwift: 4032e2f59586e11e3b0ebe15b167abdd587a388b
  Reusable: 82be188f29d96dc5eff0db7b2393bcc08d2cdd5b
  RxAlamofire: e7875a012aff55345672d0f70a2a9cd6aeb0f211
  RxAlertViewable: df967c6a5a71926b318967de282a411bea7acea3
  RxBinding: 58be2cf1311165489a66eacb4a3e33932d598a53
  RxCocoa: fcf32050ac00d801f34a7f71d5e8e7f23026dcd8
  RxController: 71002a053a093f28c1d50b149f17af7327a82d54
  RxDataSources: efee07fa4de48477eca0a4611e6d11e2da9c1114
  RxFlow: ee6f1fdbacfa4ca8926122e466dfba32e3edf73f
  RxKeyboard: 6683c4344304a00f943c158bd8a43ce5469c82a7
  RxRelay: 4f7409406a51a55cd88483f21ed898c234d60f18
  RxSwift: 8b0671caa829a763bbce7271095859121cbd895f
  SnapKit: fd22d10eb9aff484d79a8724eab922c1ddf89bcf
  SwiftyJSON: 6faa0040f8b59dead0ee07436cbf76b73c08fd08
  SwiftyUserDefaults: 6a1951df1daa19337862b677dd9a4b9bd4c288cd
  SwipeBack: d6759601b40da1f4161033feb30ab475d7d04322
  UIGradient: 9c7041327bf202b09aab2db7c33fb41f768b19ea
  "UIImageView+Extension": bc26c60a9c8cd6fb515ae1e37377a6f0988e76d8
  "UITextView+Placeholder": 0c3efd97f37ea64bde7f34cc6e90fe02e87b3909

PODFILE CHECKSUM: 94d4cd6a2d03dfc085fe61a4b28013b1b1527a8f

COCOAPODS: 1.7.1
