// !$*UTF8*$!
{
	archiveVersion = 1;
	classes = {
	};
	objectVersion = 46;
	objects = {

/* Begin PBXBuildFile section */
		4F51F2CAB45DDC76A9F169B1 /* Pods_Httper.framework in Frameworks */ = {isa = PBXBuildFile; fileRef = 5637677047F4C4B6CA981D18 /* Pods_Httper.framework */; };
		77271CB021E747D30072E007 /* SaveToProjectViewController.swift in Sources */ = {isa = PBXBuildFile; fileRef = 77271CAF21E747D30072E007 /* SaveToProjectViewController.swift */; };
		77271CB221E747FB0072E007 /* SaveToProjectViewModel.swift in Sources */ = {isa = PBXBuildFile; fileRef = 77271CB121E747FB0072E007 /* SaveToProjectViewModel.swift */; };
		77271CB421E74DE60072E007 /* ProjectTableViewCell.swift in Sources */ = {isa = PBXBuildFile; fileRef = 77271CB321E74DE60072E007 /* ProjectTableViewCell.swift */; };
		772F8D7021F6D12300858714 /* Eruka+Rx.swift in Sources */ = {isa = PBXBuildFile; fileRef = 772F8D6F21F6D12300858714 /* Eruka+Rx.swift */; };
		77396287225C33EE0091C669 /* ProjectNameViewModel.swift in Sources */ = {isa = PBXBuildFile; fileRef = 77396286225C33EE0091C669 /* ProjectNameViewModel.swift */; };
		77396289225C43080091C669 /* Observable+Extension.swift in Sources */ = {isa = PBXBuildFile; fileRef = 77396288225C43080091C669 /* Observable+Extension.swift */; };
		7739628B225C46320091C669 /* ProjectIntroductionViewModel.swift in Sources */ = {isa = PBXBuildFile; fileRef = 7739628A225C46320091C669 /* ProjectIntroductionViewModel.swift */; };
		774C75F020D795EE00DBD9EC /* R.generated.swift in Sources */ = {isa = PBXBuildFile; fileRef = 774C75EF20D795EE00DBD9EC /* R.generated.swift */; };
		774C75F220D79B9D00DBD9EC /* Login.storyboard in Resources */ = {isa = PBXBuildFile; fileRef = 774C75F120D79B9D00DBD9EC /* Login.storyboard */; };
		77513CDD216DFDD900929068 /* M80AttributedLabel+Rx.swift in Sources */ = {isa = PBXBuildFile; fileRef = 77513CDC216DFDD900929068 /* M80AttributedLabel+Rx.swift */; };
		7766EA7C217DC4AB001A6260 /* DetailTableViewCell.swift in Sources */ = {isa = PBXBuildFile; fileRef = 7766EA7B217DC4AB001A6260 /* DetailTableViewCell.swift */; };
		777760D4225D99B20053BA3D /* RxKeyboardViewController.swift in Sources */ = {isa = PBXBuildFile; fileRef = 777760D3225D99B20053BA3D /* RxKeyboardViewController.swift */; };
		777BE32C216C83D300D70427 /* RequestManager.swift in Sources */ = {isa = PBXBuildFile; fileRef = 777BE32B216C83D300D70427 /* RequestManager.swift */; };
		77A530702165AF070008CC56 /* RequestData.swift in Sources */ = {isa = PBXBuildFile; fileRef = 77A5306F2165AF070008CC56 /* RequestData.swift */; };
		77A530722165BEE50008CC56 /* ResultViewModel.swift in Sources */ = {isa = PBXBuildFile; fileRef = 77A530712165BEE50008CC56 /* ResultViewModel.swift */; };
		77A530742165C3F20008CC56 /* String+Extension.swift in Sources */ = {isa = PBXBuildFile; fileRef = 77A530732165C3F20008CC56 /* String+Extension.swift */; };
		77A530782165C6C00008CC56 /* UINavigationBar+Extension.swift in Sources */ = {isa = PBXBuildFile; fileRef = 77A530772165C6BF0008CC56 /* UINavigationBar+Extension.swift */; };
		77A5307A2165C7580008CC56 /* UIImage+Extension.swift in Sources */ = {isa = PBXBuildFile; fileRef = 77A530792165C7580008CC56 /* UIImage+Extension.swift */; };
		77A5307C2167087F0008CC56 /* PrettyViewModel.swift in Sources */ = {isa = PBXBuildFile; fileRef = 77A5307B2167087F0008CC56 /* PrettyViewModel.swift */; };
		77A5307E216708CC0008CC56 /* RawViewModel.swift in Sources */ = {isa = PBXBuildFile; fileRef = 77A5307D216708CC0008CC56 /* RawViewModel.swift */; };
		77A53080216708E00008CC56 /* PreviewViewModel.swift in Sources */ = {isa = PBXBuildFile; fileRef = 77A5307F216708E00008CC56 /* PreviewViewModel.swift */; };
		77A53082216708F60008CC56 /* DetailViewModel.swift in Sources */ = {isa = PBXBuildFile; fileRef = 77A53081216708F60008CC56 /* DetailViewModel.swift */; };
		77A53084216709460008CC56 /* DetailViewController.swift in Sources */ = {isa = PBXBuildFile; fileRef = 77A53083216709460008CC56 /* DetailViewController.swift */; };
		77B474DC21F3593100BE4551 /* AddProjectViewModel.swift in Sources */ = {isa = PBXBuildFile; fileRef = 77B474DB21F3593100BE4551 /* AddProjectViewModel.swift */; };
		77BBBCBB2181585C00500A3A /* SelectionTableViewCell.swift in Sources */ = {isa = PBXBuildFile; fileRef = 77BBBCBA2181585C00500A3A /* SelectionTableViewCell.swift */; };
		77BBBCBD21815C9C00500A3A /* RequestTableViewCell.swift in Sources */ = {isa = PBXBuildFile; fileRef = 77BBBCBC21815C9C00500A3A /* RequestTableViewCell.swift */; };
		77BBBCE621819B0700500A3A /* ProjectViewModel.swift in Sources */ = {isa = PBXBuildFile; fileRef = 77BBBCE521819B0700500A3A /* ProjectViewModel.swift */; };
		77CDA184222E12B90063C472 /* RxFlow+Extension.swift in Sources */ = {isa = PBXBuildFile; fileRef = 77CDA183222E12B80063C472 /* RxFlow+Extension.swift */; };
		77CDA186222E130A0063C472 /* AppLog.swift in Sources */ = {isa = PBXBuildFile; fileRef = 77CDA185222E130A0063C472 /* AppLog.swift */; };
		77CDA18B222E13FE0063C472 /* BaseViewController.swift in Sources */ = {isa = PBXBuildFile; fileRef = 77CDA187222E13FE0063C472 /* BaseViewController.swift */; };
		77CDA18C222E13FE0063C472 /* BaseViewModel.swift in Sources */ = {isa = PBXBuildFile; fileRef = 77CDA188222E13FE0063C472 /* BaseViewModel.swift */; };
		77CDA18D222E13FE0063C472 /* BaseNavigationController.swift in Sources */ = {isa = PBXBuildFile; fileRef = 77CDA189222E13FE0063C472 /* BaseNavigationController.swift */; };
		77CDA18E222E13FE0063C472 /* CustomNavigationBarViewController.swift in Sources */ = {isa = PBXBuildFile; fileRef = 77CDA18A222E13FE0063C472 /* CustomNavigationBarViewController.swift */; };
		77CDA192222E1CB90063C472 /* NVActivityIndicatorViewable+Rx.swift in Sources */ = {isa = PBXBuildFile; fileRef = 77CDA191222E1CB90063C472 /* NVActivityIndicatorViewable+Rx.swift */; };
		77D6A7ED2186AA4500A65283 /* DeleteTableViewCell.swift in Sources */ = {isa = PBXBuildFile; fileRef = 77D6A7EC2186AA4500A65283 /* DeleteTableViewCell.swift */; };
		77F3995F215373600016978E /* KeyValueViewController.swift in Sources */ = {isa = PBXBuildFile; fileRef = 77F3995E215373600016978E /* KeyValueViewController.swift */; };
		77F39961215373770016978E /* KeyValueViewModel.swift in Sources */ = {isa = PBXBuildFile; fileRef = 77F39960215373770016978E /* KeyValueViewModel.swift */; };
		77F39964215374370016978E /* KeyValueTableViewCell.swift in Sources */ = {isa = PBXBuildFile; fileRef = 77F39963215374370016978E /* KeyValueTableViewCell.swift */; };
		77F39966215377790016978E /* SingleSection.swift in Sources */ = {isa = PBXBuildFile; fileRef = 77F39965215377790016978E /* SingleSection.swift */; };
		77F39968215381700016978E /* BodyViewModel.swift in Sources */ = {isa = PBXBuildFile; fileRef = 77F39967215381700016978E /* BodyViewModel.swift */; };
		77F3996A215382BA0016978E /* MenuViewCell.swift in Sources */ = {isa = PBXBuildFile; fileRef = 77F39969215382BA0016978E /* MenuViewCell.swift */; };
		E4007EB91DFEE7B7002A87FA /* BodyViewController.swift in Sources */ = {isa = PBXBuildFile; fileRef = E4007EB81DFEE7B7002A87FA /* BodyViewController.swift */; };
		E40986A2215523A3006CCC04 /* UIColor+Extension.swift in Sources */ = {isa = PBXBuildFile; fileRef = E409869F215523A2006CCC04 /* UIColor+Extension.swift */; };
		E40986A3215523A3006CCC04 /* UITableView+Extension.swift in Sources */ = {isa = PBXBuildFile; fileRef = E40986A0215523A2006CCC04 /* UITableView+Extension.swift */; };
		E40986A4215523A3006CCC04 /* UIViewController+Extension.swift in Sources */ = {isa = PBXBuildFile; fileRef = E40986A1215523A3006CCC04 /* UIViewController+Extension.swift */; };
		E40B257E1DF44BD20039CA8D /* MainViewController.swift in Sources */ = {isa = PBXBuildFile; fileRef = E40B257D1DF44BD20039CA8D /* MainViewController.swift */; };
		E411A30A215286C5004ADBAE /* UIView+Extension.swift in Sources */ = {isa = PBXBuildFile; fileRef = E411A309215286C5004ADBAE /* UIView+Extension.swift */; };
		E41642D31DF970CE00F0339E /* CommonTool.swift in Sources */ = {isa = PBXBuildFile; fileRef = E41642D21DF970CE00F0339E /* CommonTool.swift */; };
		E42A713B214960DA0070D8FC /* SettingsFlow.swift in Sources */ = {isa = PBXBuildFile; fileRef = E42A713A214960DA0070D8FC /* SettingsFlow.swift */; };
		E42A713D214961780070D8FC /* SettingsViewModel.swift in Sources */ = {isa = PBXBuildFile; fileRef = E42A713C214961780070D8FC /* SettingsViewModel.swift */; };
		E4305A381E2E5FF900010B52 /* Global.swift in Sources */ = {isa = PBXBuildFile; fileRef = E4305A371E2E5FF900010B52 /* Global.swift */; };
		E4305A3A1E2F11EB00010B52 /* ProfileTableViewController.swift in Sources */ = {isa = PBXBuildFile; fileRef = E4305A391E2F11EB00010B52 /* ProfileTableViewController.swift */; };
		E4305A471E34F65000010B52 /* DaoManager.swift in Sources */ = {isa = PBXBuildFile; fileRef = E4305A461E34F65000010B52 /* DaoManager.swift */; };
		E4305A491E34F8E100010B52 /* DaoTemplate.swift in Sources */ = {isa = PBXBuildFile; fileRef = E4305A481E34F8E100010B52 /* DaoTemplate.swift */; };
		E431C4AC1DF72172006BB2D6 /* Localizable.strings in Resources */ = {isa = PBXBuildFile; fileRef = E431C4AB1DF72172006BB2D6 /* Localizable.strings */; };
		E447287B1DF7CE80007D2C8B /* ResultViewController.swift in Sources */ = {isa = PBXBuildFile; fileRef = E447287A1DF7CE80007D2C8B /* ResultViewController.swift */; };
		E44B98A720EBDE06004FEF67 /* ProjectsViewController.swift in Sources */ = {isa = PBXBuildFile; fileRef = E44B98A620EBDE06004FEF67 /* ProjectsViewController.swift */; };
		E45D3E861E21296F0002E1F2 /* InternetResponse.swift in Sources */ = {isa = PBXBuildFile; fileRef = E45D3E851E21296F0002E1F2 /* InternetResponse.swift */; };
		E46077611E126948002DE839 /* PingViewController.swift in Sources */ = {isa = PBXBuildFile; fileRef = E46077601E126948002DE839 /* PingViewController.swift */; };
		E46ABF521E140F2E00E0C092 /* InternetTool.m in Sources */ = {isa = PBXBuildFile; fileRef = E46ABF511E140F2E00E0C092 /* InternetTool.m */; };
		E46CE471214A828B0046BCCA /* AppFlow.swift in Sources */ = {isa = PBXBuildFile; fileRef = E46CE46F214A828A0046BCCA /* AppFlow.swift */; };
		E46CE472214A828B0046BCCA /* MainFlow.swift in Sources */ = {isa = PBXBuildFile; fileRef = E46CE470214A828B0046BCCA /* MainFlow.swift */; };
		E4712ED81E55FC71002FF8E1 /* ProjectNameViewController.swift in Sources */ = {isa = PBXBuildFile; fileRef = E4712ED71E55FC71002FF8E1 /* ProjectNameViewController.swift */; };
		E4712EDA1E55FC81002FF8E1 /* ProjectIntroductionViewController.swift in Sources */ = {isa = PBXBuildFile; fileRef = E4712ED91E55FC81002FF8E1 /* ProjectIntroductionViewController.swift */; };
		E4798BDF1E2BC92600DCD4E2 /* EditingViewController.swift in Sources */ = {isa = PBXBuildFile; fileRef = E4798BDE1E2BC92600DCD4E2 /* EditingViewController.swift */; };
		E47FDC601E3861AF00251EEC /* Versions.swift in Sources */ = {isa = PBXBuildFile; fileRef = E47FDC5F1E3861AF00251EEC /* Versions.swift */; };
		E47FDC651E38697600251EEC /* SyncManager.swift in Sources */ = {isa = PBXBuildFile; fileRef = E47FDC641E38697600251EEC /* SyncManager.swift */; };
		E48553321DF9B2AF00A1DB60 /* PrettyViewController.swift in Sources */ = {isa = PBXBuildFile; fileRef = E48553311DF9B2AF00A1DB60 /* PrettyViewController.swift */; };
		E48553341DF9B2BF00A1DB60 /* RawViewController.swift in Sources */ = {isa = PBXBuildFile; fileRef = E48553331DF9B2BF00A1DB60 /* RawViewController.swift */; };
		E48553361DF9B2CF00A1DB60 /* PreviewViewController.swift in Sources */ = {isa = PBXBuildFile; fileRef = E48553351DF9B2CF00A1DB60 /* PreviewViewController.swift */; };
		E48BF6551F3DAA0D00F567FC /* KeyboardAccessoryCollectionViewController.swift in Sources */ = {isa = PBXBuildFile; fileRef = E48BF6541F3DAA0D00F567FC /* KeyboardAccessoryCollectionViewController.swift */; };
		E48D41581D444F3F0028B84F /* AppDelegate.swift in Sources */ = {isa = PBXBuildFile; fileRef = E48D41571D444F3F0028B84F /* AppDelegate.swift */; };
		E48D41601D444F3F0028B84F /* Httper.xcdatamodeld in Sources */ = {isa = PBXBuildFile; fileRef = E48D415E1D444F3F0028B84F /* Httper.xcdatamodeld */; };
		E48D41621D444F3F0028B84F /* Assets.xcassets in Resources */ = {isa = PBXBuildFile; fileRef = E48D41611D444F3F0028B84F /* Assets.xcassets */; };
		E48D41651D444F3F0028B84F /* LaunchScreen.storyboard in Resources */ = {isa = PBXBuildFile; fileRef = E48D41631D444F3F0028B84F /* LaunchScreen.storyboard */; };
		E48D41701D444F3F0028B84F /* HttperTests.swift in Sources */ = {isa = PBXBuildFile; fileRef = E48D416F1D444F3F0028B84F /* HttperTests.swift */; };
		E48D417B1D444F3F0028B84F /* HttperUITests.swift in Sources */ = {isa = PBXBuildFile; fileRef = E48D417A1D444F3F0028B84F /* HttperUITests.swift */; };
		E49BC0AB1E4226F400241004 /* Project+CoreDataClass.swift in Sources */ = {isa = PBXBuildFile; fileRef = E49BC0A71E4226F400241004 /* Project+CoreDataClass.swift */; };
		E49BC0AC1E4226F400241004 /* Project+CoreDataProperties.swift in Sources */ = {isa = PBXBuildFile; fileRef = E49BC0A81E4226F400241004 /* Project+CoreDataProperties.swift */; };
		E49BC0AD1E4226F400241004 /* Request+CoreDataClass.swift in Sources */ = {isa = PBXBuildFile; fileRef = E49BC0A91E4226F400241004 /* Request+CoreDataClass.swift */; };
		E49BC0AE1E4226F400241004 /* Request+CoreDataProperties.swift in Sources */ = {isa = PBXBuildFile; fileRef = E49BC0AA1E4226F400241004 /* Request+CoreDataProperties.swift */; };
		E49BC0B01E4227BA00241004 /* ProjectDao.swift in Sources */ = {isa = PBXBuildFile; fileRef = E49BC0AF1E4227BA00241004 /* ProjectDao.swift */; };
		E49F67FA2149568B00646892 /* SettingsTableViewController.swift in Sources */ = {isa = PBXBuildFile; fileRef = E49F67F92149568B00646892 /* SettingsTableViewController.swift */; };
		E49F67FC214956C900646892 /* MainViewModel.swift in Sources */ = {isa = PBXBuildFile; fileRef = E49F67FB214956C900646892 /* MainViewModel.swift */; };
		E49F680021495B0E00646892 /* RequestFlow.swift in Sources */ = {isa = PBXBuildFile; fileRef = E49F67FF21495B0E00646892 /* RequestFlow.swift */; };
		E49F680221495BA500646892 /* RequestViewModel.swift in Sources */ = {isa = PBXBuildFile; fileRef = E49F680121495BA500646892 /* RequestViewModel.swift */; };
		E49F680421495E3300646892 /* ProjectFlow.swift in Sources */ = {isa = PBXBuildFile; fileRef = E49F680321495E3300646892 /* ProjectFlow.swift */; };
		E49F680621495EE300646892 /* ProjectsViewModel.swift in Sources */ = {isa = PBXBuildFile; fileRef = E49F680521495EE300646892 /* ProjectsViewModel.swift */; };
		E4A37A9D1E018D7500586BA1 /* RequestDao.swift in Sources */ = {isa = PBXBuildFile; fileRef = E4A37A9C1E018D7500586BA1 /* RequestDao.swift */; };
		E4BBC9931E4DCCBB002107DF /* NameViewController.swift in Sources */ = {isa = PBXBuildFile; fileRef = E4BBC9921E4DCCBB002107DF /* NameViewController.swift */; };
		E4CA760C1E3CEE07008D7A52 /* HeaderKeysTableViewController.swift in Sources */ = {isa = PBXBuildFile; fileRef = E4CA760B1E3CEE07008D7A52 /* HeaderKeysTableViewController.swift */; };
		E4CA76131E3F7E1A008D7A52 /* AddProjectViewController.swift in Sources */ = {isa = PBXBuildFile; fileRef = E4CA76121E3F7E1A008D7A52 /* AddProjectViewController.swift */; };
		E4D034491E4A0DB300580FAC /* ProjectViewController.swift in Sources */ = {isa = PBXBuildFile; fileRef = E4D034481E4A0DB300580FAC /* ProjectViewController.swift */; };
		E4D161F71ECEA16A009B1DD9 /* UserManager.swift in Sources */ = {isa = PBXBuildFile; fileRef = E4D161F61ECEA16A009B1DD9 /* UserManager.swift */; };
		E4D1CAE51DF5C028008DC4F9 /* RequestViewController.swift in Sources */ = {isa = PBXBuildFile; fileRef = E4D1CAE41DF5C028008DC4F9 /* RequestViewController.swift */; };
		E4D1F28920EBAC5F002953A1 /* Settings.storyboard in Resources */ = {isa = PBXBuildFile; fileRef = E4D1F28820EBAC5F002953A1 /* Settings.storyboard */; };
		E4DE76911E1D2645002A8385 /* LoginViewController.swift in Sources */ = {isa = PBXBuildFile; fileRef = E4DE76901E1D2644002A8385 /* LoginViewController.swift */; };
		E4DE76931E1D2AB0002A8385 /* login-bg-iPad.jpg in Resources */ = {isa = PBXBuildFile; fileRef = E4DE76921E1D2AB0002A8385 /* login-bg-iPad.jpg */; };
		E4DE76961E1D3DAE002A8385 /* register-bg.jpg in Resources */ = {isa = PBXBuildFile; fileRef = E4DE76941E1D3DAE002A8385 /* register-bg.jpg */; };
		E4DE76971E1D3DAE002A8385 /* login-bg.jpg in Resources */ = {isa = PBXBuildFile; fileRef = E4DE76951E1D3DAE002A8385 /* login-bg.jpg */; };
		E4DE76991E1D3DF5002A8385 /* RegisterViewController.swift in Sources */ = {isa = PBXBuildFile; fileRef = E4DE76981E1D3DF5002A8385 /* RegisterViewController.swift */; };
		E4DE769B1E1E9FE2002A8385 /* register-bg-iPad.jpg in Resources */ = {isa = PBXBuildFile; fileRef = E4DE769A1E1E9FE2002A8385 /* register-bg-iPad.jpg */; };
		E4E297B11E00021500AD484E /* ResponseHeaderViewController.swift in Sources */ = {isa = PBXBuildFile; fileRef = E4E297B01E00021500AD484E /* ResponseHeaderViewController.swift */; };
		E4EC89D21E129FA10072ACF3 /* STDPingServices.m in Sources */ = {isa = PBXBuildFile; fileRef = E4EC89D01E129FA10072ACF3 /* STDPingServices.m */; };
		E4EC89D41E12A00C0072ACF3 /* IPAddressTableViewController.swift in Sources */ = {isa = PBXBuildFile; fileRef = E4EC89D31E12A00C0072ACF3 /* IPAddressTableViewController.swift */; };
		E4EC89D71E12A4C70072ACF3 /* SimplePing.m in Sources */ = {isa = PBXBuildFile; fileRef = E4EC89D61E12A4C70072ACF3 /* SimplePing.m */; };
		E4F16F621E4B685F00C17DA4 /* ResetViewController.swift in Sources */ = {isa = PBXBuildFile; fileRef = E4F16F611E4B685F00C17DA4 /* ResetViewController.swift */; };
		E4F95CD61E15685A005A0004 /* WhoisViewController.swift in Sources */ = {isa = PBXBuildFile; fileRef = E4F95CD51E15685A005A0004 /* WhoisViewController.swift */; };
		E4F95CD81E1572FD005A0004 /* whois.css in Resources */ = {isa = PBXBuildFile; fileRef = E4F95CD71E1572FD005A0004 /* whois.css */; };
		E4F95CDA1E16A7D3005A0004 /* DetailIPInformationTableViewController.swift in Sources */ = {isa = PBXBuildFile; fileRef = E4F95CD91E16A7D3005A0004 /* DetailIPInformationTableViewController.swift */; };
/* End PBXBuildFile section */

/* Begin PBXContainerItemProxy section */
		E48D416C1D444F3F0028B84F /* PBXContainerItemProxy */ = {
			isa = PBXContainerItemProxy;
			containerPortal = E48D414C1D444F3F0028B84F /* Project object */;
			proxyType = 1;
			remoteGlobalIDString = E48D41531D444F3F0028B84F;
			remoteInfo = Httper;
		};
		E48D41771D444F3F0028B84F /* PBXContainerItemProxy */ = {
			isa = PBXContainerItemProxy;
			containerPortal = E48D414C1D444F3F0028B84F /* Project object */;
			proxyType = 1;
			remoteGlobalIDString = E48D41531D444F3F0028B84F;
			remoteInfo = Httper;
		};
/* End PBXContainerItemProxy section */

/* Begin PBXFileReference section */
		4787A86C21239A8AA4ADE88E /* Pods.debug.xcconfig */ = {isa = PBXFileReference; includeInIndex = 1; lastKnownFileType = text.xcconfig; name = Pods.debug.xcconfig; path = "Pods/Target Support Files/Pods/Pods.debug.xcconfig"; sourceTree = "<group>"; };
		4F2FE7831EA2CA12EBD27AA5 /* Pods-Httper.debug.xcconfig */ = {isa = PBXFileReference; includeInIndex = 1; lastKnownFileType = text.xcconfig; name = "Pods-Httper.debug.xcconfig"; path = "Pods/Target Support Files/Pods-Httper/Pods-Httper.debug.xcconfig"; sourceTree = "<group>"; };
		5637677047F4C4B6CA981D18 /* Pods_Httper.framework */ = {isa = PBXFileReference; explicitFileType = wrapper.framework; includeInIndex = 0; path = Pods_Httper.framework; sourceTree = BUILT_PRODUCTS_DIR; };
		77271CAF21E747D30072E007 /* SaveToProjectViewController.swift */ = {isa = PBXFileReference; lastKnownFileType = sourcecode.swift; path = SaveToProjectViewController.swift; sourceTree = "<group>"; };
		77271CB121E747FB0072E007 /* SaveToProjectViewModel.swift */ = {isa = PBXFileReference; lastKnownFileType = sourcecode.swift; path = SaveToProjectViewModel.swift; sourceTree = "<group>"; };
		77271CB321E74DE60072E007 /* ProjectTableViewCell.swift */ = {isa = PBXFileReference; lastKnownFileType = sourcecode.swift; path = ProjectTableViewCell.swift; sourceTree = "<group>"; };
		772F8D6F21F6D12300858714 /* Eruka+Rx.swift */ = {isa = PBXFileReference; fileEncoding = 4; lastKnownFileType = sourcecode.swift; path = "Eruka+Rx.swift"; sourceTree = "<group>"; };
		77396286225C33EE0091C669 /* ProjectNameViewModel.swift */ = {isa = PBXFileReference; lastKnownFileType = sourcecode.swift; path = ProjectNameViewModel.swift; sourceTree = "<group>"; };
		77396288225C43080091C669 /* Observable+Extension.swift */ = {isa = PBXFileReference; fileEncoding = 4; lastKnownFileType = sourcecode.swift; path = "Observable+Extension.swift"; sourceTree = "<group>"; };
		7739628A225C46320091C669 /* ProjectIntroductionViewModel.swift */ = {isa = PBXFileReference; lastKnownFileType = sourcecode.swift; path = ProjectIntroductionViewModel.swift; sourceTree = "<group>"; };
		774C75EF20D795EE00DBD9EC /* R.generated.swift */ = {isa = PBXFileReference; lastKnownFileType = sourcecode.swift; path = R.generated.swift; sourceTree = "<group>"; };
		774C75F120D79B9D00DBD9EC /* Login.storyboard */ = {isa = PBXFileReference; lastKnownFileType = file.storyboard; path = Login.storyboard; sourceTree = "<group>"; };
		77513CDC216DFDD900929068 /* M80AttributedLabel+Rx.swift */ = {isa = PBXFileReference; lastKnownFileType = sourcecode.swift; path = "M80AttributedLabel+Rx.swift"; sourceTree = "<group>"; };
		7766EA7B217DC4AB001A6260 /* DetailTableViewCell.swift */ = {isa = PBXFileReference; lastKnownFileType = sourcecode.swift; path = DetailTableViewCell.swift; sourceTree = "<group>"; };
		777760D3225D99B20053BA3D /* RxKeyboardViewController.swift */ = {isa = PBXFileReference; lastKnownFileType = sourcecode.swift; path = RxKeyboardViewController.swift; sourceTree = "<group>"; };
		777BE32B216C83D300D70427 /* RequestManager.swift */ = {isa = PBXFileReference; lastKnownFileType = sourcecode.swift; path = RequestManager.swift; sourceTree = "<group>"; };
		77A5306F2165AF070008CC56 /* RequestData.swift */ = {isa = PBXFileReference; lastKnownFileType = sourcecode.swift; path = RequestData.swift; sourceTree = "<group>"; };
		77A530712165BEE50008CC56 /* ResultViewModel.swift */ = {isa = PBXFileReference; lastKnownFileType = sourcecode.swift; path = ResultViewModel.swift; sourceTree = "<group>"; };
		77A530732165C3F20008CC56 /* String+Extension.swift */ = {isa = PBXFileReference; lastKnownFileType = sourcecode.swift; path = "String+Extension.swift"; sourceTree = "<group>"; };
		77A530772165C6BF0008CC56 /* UINavigationBar+Extension.swift */ = {isa = PBXFileReference; fileEncoding = 4; lastKnownFileType = sourcecode.swift; path = "UINavigationBar+Extension.swift"; sourceTree = "<group>"; };
		77A530792165C7580008CC56 /* UIImage+Extension.swift */ = {isa = PBXFileReference; fileEncoding = 4; lastKnownFileType = sourcecode.swift; path = "UIImage+Extension.swift"; sourceTree = "<group>"; };
		77A5307B2167087F0008CC56 /* PrettyViewModel.swift */ = {isa = PBXFileReference; lastKnownFileType = sourcecode.swift; path = PrettyViewModel.swift; sourceTree = "<group>"; };
		77A5307D216708CC0008CC56 /* RawViewModel.swift */ = {isa = PBXFileReference; lastKnownFileType = sourcecode.swift; path = RawViewModel.swift; sourceTree = "<group>"; };
		77A5307F216708E00008CC56 /* PreviewViewModel.swift */ = {isa = PBXFileReference; lastKnownFileType = sourcecode.swift; path = PreviewViewModel.swift; sourceTree = "<group>"; };
		77A53081216708F60008CC56 /* DetailViewModel.swift */ = {isa = PBXFileReference; lastKnownFileType = sourcecode.swift; path = DetailViewModel.swift; sourceTree = "<group>"; };
		77A53083216709460008CC56 /* DetailViewController.swift */ = {isa = PBXFileReference; lastKnownFileType = sourcecode.swift; path = DetailViewController.swift; sourceTree = "<group>"; };
		77B474DB21F3593100BE4551 /* AddProjectViewModel.swift */ = {isa = PBXFileReference; lastKnownFileType = sourcecode.swift; path = AddProjectViewModel.swift; sourceTree = "<group>"; };
		77BBBCBA2181585C00500A3A /* SelectionTableViewCell.swift */ = {isa = PBXFileReference; lastKnownFileType = sourcecode.swift; path = SelectionTableViewCell.swift; sourceTree = "<group>"; };
		77BBBCBC21815C9C00500A3A /* RequestTableViewCell.swift */ = {isa = PBXFileReference; lastKnownFileType = sourcecode.swift; path = RequestTableViewCell.swift; sourceTree = "<group>"; };
		77BBBCE521819B0700500A3A /* ProjectViewModel.swift */ = {isa = PBXFileReference; lastKnownFileType = sourcecode.swift; path = ProjectViewModel.swift; sourceTree = "<group>"; };
		77CDA183222E12B80063C472 /* RxFlow+Extension.swift */ = {isa = PBXFileReference; fileEncoding = 4; lastKnownFileType = sourcecode.swift; path = "RxFlow+Extension.swift"; sourceTree = "<group>"; };
		77CDA185222E130A0063C472 /* AppLog.swift */ = {isa = PBXFileReference; fileEncoding = 4; lastKnownFileType = sourcecode.swift; path = AppLog.swift; sourceTree = "<group>"; };
		77CDA187222E13FE0063C472 /* BaseViewController.swift */ = {isa = PBXFileReference; fileEncoding = 4; lastKnownFileType = sourcecode.swift; path = BaseViewController.swift; sourceTree = "<group>"; };
		77CDA188222E13FE0063C472 /* BaseViewModel.swift */ = {isa = PBXFileReference; fileEncoding = 4; lastKnownFileType = sourcecode.swift; path = BaseViewModel.swift; sourceTree = "<group>"; };
		77CDA189222E13FE0063C472 /* BaseNavigationController.swift */ = {isa = PBXFileReference; fileEncoding = 4; lastKnownFileType = sourcecode.swift; path = BaseNavigationController.swift; sourceTree = "<group>"; };
		77CDA18A222E13FE0063C472 /* CustomNavigationBarViewController.swift */ = {isa = PBXFileReference; fileEncoding = 4; lastKnownFileType = sourcecode.swift; path = CustomNavigationBarViewController.swift; sourceTree = "<group>"; };
		77CDA191222E1CB90063C472 /* NVActivityIndicatorViewable+Rx.swift */ = {isa = PBXFileReference; fileEncoding = 4; lastKnownFileType = sourcecode.swift; path = "NVActivityIndicatorViewable+Rx.swift"; sourceTree = "<group>"; };
		77D6A7EC2186AA4500A65283 /* DeleteTableViewCell.swift */ = {isa = PBXFileReference; lastKnownFileType = sourcecode.swift; path = DeleteTableViewCell.swift; sourceTree = "<group>"; };
		77F3995E215373600016978E /* KeyValueViewController.swift */ = {isa = PBXFileReference; lastKnownFileType = sourcecode.swift; path = KeyValueViewController.swift; sourceTree = "<group>"; };
		77F39960215373770016978E /* KeyValueViewModel.swift */ = {isa = PBXFileReference; lastKnownFileType = sourcecode.swift; path = KeyValueViewModel.swift; sourceTree = "<group>"; };
		77F39963215374370016978E /* KeyValueTableViewCell.swift */ = {isa = PBXFileReference; lastKnownFileType = sourcecode.swift; path = KeyValueTableViewCell.swift; sourceTree = "<group>"; };
		77F39965215377790016978E /* SingleSection.swift */ = {isa = PBXFileReference; fileEncoding = 4; lastKnownFileType = sourcecode.swift; path = SingleSection.swift; sourceTree = "<group>"; };
		77F39967215381700016978E /* BodyViewModel.swift */ = {isa = PBXFileReference; lastKnownFileType = sourcecode.swift; path = BodyViewModel.swift; sourceTree = "<group>"; };
		77F39969215382BA0016978E /* MenuViewCell.swift */ = {isa = PBXFileReference; lastKnownFileType = sourcecode.swift; path = MenuViewCell.swift; sourceTree = "<group>"; };
		7EBC322CA510BFBBFF4AB72E /* Pods-Httper.release.xcconfig */ = {isa = PBXFileReference; includeInIndex = 1; lastKnownFileType = text.xcconfig; name = "Pods-Httper.release.xcconfig"; path = "Pods/Target Support Files/Pods-Httper/Pods-Httper.release.xcconfig"; sourceTree = "<group>"; };
		E4007EB81DFEE7B7002A87FA /* BodyViewController.swift */ = {isa = PBXFileReference; fileEncoding = 4; lastKnownFileType = sourcecode.swift; path = BodyViewController.swift; sourceTree = "<group>"; };
		E400D3C220C1BEF100B2BC7F /* route_simulator.h */ = {isa = PBXFileReference; lastKnownFileType = sourcecode.c.h; path = route_simulator.h; sourceTree = "<group>"; };
		E400D3C320C1BF0900B2BC7F /* radix.h */ = {isa = PBXFileReference; lastKnownFileType = sourcecode.c.h; path = radix.h; sourceTree = "<group>"; };
		E409869F215523A2006CCC04 /* UIColor+Extension.swift */ = {isa = PBXFileReference; fileEncoding = 4; lastKnownFileType = sourcecode.swift; path = "UIColor+Extension.swift"; sourceTree = "<group>"; };
		E40986A0215523A2006CCC04 /* UITableView+Extension.swift */ = {isa = PBXFileReference; fileEncoding = 4; lastKnownFileType = sourcecode.swift; path = "UITableView+Extension.swift"; sourceTree = "<group>"; };
		E40986A1215523A3006CCC04 /* UIViewController+Extension.swift */ = {isa = PBXFileReference; fileEncoding = 4; lastKnownFileType = sourcecode.swift; path = "UIViewController+Extension.swift"; sourceTree = "<group>"; };
		E40B257D1DF44BD20039CA8D /* MainViewController.swift */ = {isa = PBXFileReference; fileEncoding = 4; lastKnownFileType = sourcecode.swift; path = MainViewController.swift; sourceTree = "<group>"; };
		E411A309215286C5004ADBAE /* UIView+Extension.swift */ = {isa = PBXFileReference; fileEncoding = 4; lastKnownFileType = sourcecode.swift; path = "UIView+Extension.swift"; sourceTree = "<group>"; };
		E41642D11DF96F6800F0339E /* Httper-Bridging-Header.h */ = {isa = PBXFileReference; lastKnownFileType = sourcecode.c.h; path = "Httper-Bridging-Header.h"; sourceTree = "<group>"; };
		E41642D21DF970CE00F0339E /* CommonTool.swift */ = {isa = PBXFileReference; fileEncoding = 4; lastKnownFileType = sourcecode.swift; path = CommonTool.swift; sourceTree = "<group>"; };
		E42A713A214960DA0070D8FC /* SettingsFlow.swift */ = {isa = PBXFileReference; lastKnownFileType = sourcecode.swift; path = SettingsFlow.swift; sourceTree = "<group>"; };
		E42A713C214961780070D8FC /* SettingsViewModel.swift */ = {isa = PBXFileReference; lastKnownFileType = sourcecode.swift; path = SettingsViewModel.swift; sourceTree = "<group>"; };
		E4305A371E2E5FF900010B52 /* Global.swift */ = {isa = PBXFileReference; fileEncoding = 4; lastKnownFileType = sourcecode.swift; path = Global.swift; sourceTree = "<group>"; };
		E4305A391E2F11EB00010B52 /* ProfileTableViewController.swift */ = {isa = PBXFileReference; fileEncoding = 4; lastKnownFileType = sourcecode.swift; path = ProfileTableViewController.swift; sourceTree = "<group>"; };
		E4305A461E34F65000010B52 /* DaoManager.swift */ = {isa = PBXFileReference; fileEncoding = 4; lastKnownFileType = sourcecode.swift; path = DaoManager.swift; sourceTree = "<group>"; };
		E4305A481E34F8E100010B52 /* DaoTemplate.swift */ = {isa = PBXFileReference; fileEncoding = 4; lastKnownFileType = sourcecode.swift; path = DaoTemplate.swift; sourceTree = "<group>"; };
		E431C4AB1DF72172006BB2D6 /* Localizable.strings */ = {isa = PBXFileReference; fileEncoding = 4; lastKnownFileType = text.plist.strings; path = Localizable.strings; sourceTree = "<group>"; };
		E447287A1DF7CE80007D2C8B /* ResultViewController.swift */ = {isa = PBXFileReference; fileEncoding = 4; lastKnownFileType = sourcecode.swift; path = ResultViewController.swift; sourceTree = "<group>"; };
		E44B98A620EBDE06004FEF67 /* ProjectsViewController.swift */ = {isa = PBXFileReference; lastKnownFileType = sourcecode.swift; path = ProjectsViewController.swift; sourceTree = "<group>"; };
		E45BB55D1E5410C90095F959 /* Httper_1.4.xcdatamodel */ = {isa = PBXFileReference; lastKnownFileType = wrapper.xcdatamodel; path = Httper_1.4.xcdatamodel; sourceTree = "<group>"; };
		E45D3E851E21296F0002E1F2 /* InternetResponse.swift */ = {isa = PBXFileReference; fileEncoding = 4; lastKnownFileType = sourcecode.swift; path = InternetResponse.swift; sourceTree = "<group>"; };
		E46077601E126948002DE839 /* PingViewController.swift */ = {isa = PBXFileReference; fileEncoding = 4; lastKnownFileType = sourcecode.swift; path = PingViewController.swift; sourceTree = "<group>"; };
		E46ABF4F1E140C6700E0C092 /* route.h */ = {isa = PBXFileReference; lastKnownFileType = sourcecode.c.h; path = route.h; sourceTree = "<group>"; };
		E46ABF501E140F2E00E0C092 /* InternetTool.h */ = {isa = PBXFileReference; fileEncoding = 4; lastKnownFileType = sourcecode.c.h; path = InternetTool.h; sourceTree = "<group>"; };
		E46ABF511E140F2E00E0C092 /* InternetTool.m */ = {isa = PBXFileReference; fileEncoding = 4; lastKnownFileType = sourcecode.c.objc; path = InternetTool.m; sourceTree = "<group>"; };
		E46CE46F214A828A0046BCCA /* AppFlow.swift */ = {isa = PBXFileReference; fileEncoding = 4; lastKnownFileType = sourcecode.swift; path = AppFlow.swift; sourceTree = "<group>"; };
		E46CE470214A828B0046BCCA /* MainFlow.swift */ = {isa = PBXFileReference; fileEncoding = 4; lastKnownFileType = sourcecode.swift; path = MainFlow.swift; sourceTree = "<group>"; };
		E4712ED71E55FC71002FF8E1 /* ProjectNameViewController.swift */ = {isa = PBXFileReference; fileEncoding = 4; lastKnownFileType = sourcecode.swift; path = ProjectNameViewController.swift; sourceTree = "<group>"; };
		E4712ED91E55FC81002FF8E1 /* ProjectIntroductionViewController.swift */ = {isa = PBXFileReference; fileEncoding = 4; lastKnownFileType = sourcecode.swift; path = ProjectIntroductionViewController.swift; sourceTree = "<group>"; };
		E4798BDE1E2BC92600DCD4E2 /* EditingViewController.swift */ = {isa = PBXFileReference; fileEncoding = 4; lastKnownFileType = sourcecode.swift; path = EditingViewController.swift; sourceTree = "<group>"; };
		E47FDC5F1E3861AF00251EEC /* Versions.swift */ = {isa = PBXFileReference; fileEncoding = 4; lastKnownFileType = sourcecode.swift; path = Versions.swift; sourceTree = "<group>"; };
		E47FDC631E38674200251EEC /* Httper_1.2.xcdatamodel */ = {isa = PBXFileReference; lastKnownFileType = wrapper.xcdatamodel; path = Httper_1.2.xcdatamodel; sourceTree = "<group>"; };
		E47FDC641E38697600251EEC /* SyncManager.swift */ = {isa = PBXFileReference; fileEncoding = 4; lastKnownFileType = sourcecode.swift; path = SyncManager.swift; sourceTree = "<group>"; };
		E48553311DF9B2AF00A1DB60 /* PrettyViewController.swift */ = {isa = PBXFileReference; fileEncoding = 4; lastKnownFileType = sourcecode.swift; path = PrettyViewController.swift; sourceTree = "<group>"; };
		E48553331DF9B2BF00A1DB60 /* RawViewController.swift */ = {isa = PBXFileReference; fileEncoding = 4; lastKnownFileType = sourcecode.swift; path = RawViewController.swift; sourceTree = "<group>"; };
		E48553351DF9B2CF00A1DB60 /* PreviewViewController.swift */ = {isa = PBXFileReference; fileEncoding = 4; lastKnownFileType = sourcecode.swift; path = PreviewViewController.swift; sourceTree = "<group>"; };
		E48BF6541F3DAA0D00F567FC /* KeyboardAccessoryCollectionViewController.swift */ = {isa = PBXFileReference; fileEncoding = 4; lastKnownFileType = sourcecode.swift; path = KeyboardAccessoryCollectionViewController.swift; sourceTree = "<group>"; };
		E48D41541D444F3F0028B84F /* Httper.app */ = {isa = PBXFileReference; explicitFileType = wrapper.application; includeInIndex = 0; path = Httper.app; sourceTree = BUILT_PRODUCTS_DIR; };
		E48D41571D444F3F0028B84F /* AppDelegate.swift */ = {isa = PBXFileReference; lastKnownFileType = sourcecode.swift; path = AppDelegate.swift; sourceTree = "<group>"; };
		E48D415F1D444F3F0028B84F /* Httper.xcdatamodel */ = {isa = PBXFileReference; lastKnownFileType = wrapper.xcdatamodel; path = Httper.xcdatamodel; sourceTree = "<group>"; };
		E48D41611D444F3F0028B84F /* Assets.xcassets */ = {isa = PBXFileReference; lastKnownFileType = folder.assetcatalog; path = Assets.xcassets; sourceTree = "<group>"; };
		E48D41641D444F3F0028B84F /* Base */ = {isa = PBXFileReference; lastKnownFileType = file.storyboard; name = Base; path = Base.lproj/LaunchScreen.storyboard; sourceTree = "<group>"; };
		E48D41661D444F3F0028B84F /* Info.plist */ = {isa = PBXFileReference; lastKnownFileType = text.plist.xml; path = Info.plist; sourceTree = "<group>"; };
		E48D416B1D444F3F0028B84F /* HttperTests.xctest */ = {isa = PBXFileReference; explicitFileType = wrapper.cfbundle; includeInIndex = 0; path = HttperTests.xctest; sourceTree = BUILT_PRODUCTS_DIR; };
		E48D416F1D444F3F0028B84F /* HttperTests.swift */ = {isa = PBXFileReference; lastKnownFileType = sourcecode.swift; path = HttperTests.swift; sourceTree = "<group>"; };
		E48D41711D444F3F0028B84F /* Info.plist */ = {isa = PBXFileReference; lastKnownFileType = text.plist.xml; path = Info.plist; sourceTree = "<group>"; };
		E48D41761D444F3F0028B84F /* HttperUITests.xctest */ = {isa = PBXFileReference; explicitFileType = wrapper.cfbundle; includeInIndex = 0; path = HttperUITests.xctest; sourceTree = BUILT_PRODUCTS_DIR; };
		E48D417A1D444F3F0028B84F /* HttperUITests.swift */ = {isa = PBXFileReference; lastKnownFileType = sourcecode.swift; path = HttperUITests.swift; sourceTree = "<group>"; };
		E48D417C1D444F3F0028B84F /* Info.plist */ = {isa = PBXFileReference; lastKnownFileType = text.plist.xml; path = Info.plist; sourceTree = "<group>"; };
		E49BC0A71E4226F400241004 /* Project+CoreDataClass.swift */ = {isa = PBXFileReference; fileEncoding = 4; lastKnownFileType = sourcecode.swift; path = "Project+CoreDataClass.swift"; sourceTree = "<group>"; };
		E49BC0A81E4226F400241004 /* Project+CoreDataProperties.swift */ = {isa = PBXFileReference; fileEncoding = 4; lastKnownFileType = sourcecode.swift; path = "Project+CoreDataProperties.swift"; sourceTree = "<group>"; };
		E49BC0A91E4226F400241004 /* Request+CoreDataClass.swift */ = {isa = PBXFileReference; fileEncoding = 4; lastKnownFileType = sourcecode.swift; path = "Request+CoreDataClass.swift"; sourceTree = "<group>"; };
		E49BC0AA1E4226F400241004 /* Request+CoreDataProperties.swift */ = {isa = PBXFileReference; fileEncoding = 4; lastKnownFileType = sourcecode.swift; path = "Request+CoreDataProperties.swift"; sourceTree = "<group>"; };
		E49BC0AF1E4227BA00241004 /* ProjectDao.swift */ = {isa = PBXFileReference; fileEncoding = 4; lastKnownFileType = sourcecode.swift; path = ProjectDao.swift; sourceTree = "<group>"; };
		E49F67F92149568B00646892 /* SettingsTableViewController.swift */ = {isa = PBXFileReference; fileEncoding = 4; lastKnownFileType = sourcecode.swift; path = SettingsTableViewController.swift; sourceTree = "<group>"; };
		E49F67FB214956C900646892 /* MainViewModel.swift */ = {isa = PBXFileReference; lastKnownFileType = sourcecode.swift; path = MainViewModel.swift; sourceTree = "<group>"; };
		E49F67FF21495B0E00646892 /* RequestFlow.swift */ = {isa = PBXFileReference; lastKnownFileType = sourcecode.swift; path = RequestFlow.swift; sourceTree = "<group>"; };
		E49F680121495BA500646892 /* RequestViewModel.swift */ = {isa = PBXFileReference; lastKnownFileType = sourcecode.swift; path = RequestViewModel.swift; sourceTree = "<group>"; };
		E49F680321495E3300646892 /* ProjectFlow.swift */ = {isa = PBXFileReference; lastKnownFileType = sourcecode.swift; path = ProjectFlow.swift; sourceTree = "<group>"; };
		E49F680521495EE300646892 /* ProjectsViewModel.swift */ = {isa = PBXFileReference; lastKnownFileType = sourcecode.swift; path = ProjectsViewModel.swift; sourceTree = "<group>"; };
		E4A37A9C1E018D7500586BA1 /* RequestDao.swift */ = {isa = PBXFileReference; fileEncoding = 4; lastKnownFileType = sourcecode.swift; path = RequestDao.swift; sourceTree = "<group>"; };
		E4BBC9921E4DCCBB002107DF /* NameViewController.swift */ = {isa = PBXFileReference; fileEncoding = 4; lastKnownFileType = sourcecode.swift; path = NameViewController.swift; sourceTree = "<group>"; };
		E4CA760B1E3CEE07008D7A52 /* HeaderKeysTableViewController.swift */ = {isa = PBXFileReference; fileEncoding = 4; lastKnownFileType = sourcecode.swift; path = HeaderKeysTableViewController.swift; sourceTree = "<group>"; };
		E4CA76121E3F7E1A008D7A52 /* AddProjectViewController.swift */ = {isa = PBXFileReference; fileEncoding = 4; lastKnownFileType = sourcecode.swift; path = AddProjectViewController.swift; sourceTree = "<group>"; };
		E4CA76141E3F80B2008D7A52 /* Httper_1.3.xcdatamodel */ = {isa = PBXFileReference; lastKnownFileType = wrapper.xcdatamodel; path = Httper_1.3.xcdatamodel; sourceTree = "<group>"; };
		E4D034481E4A0DB300580FAC /* ProjectViewController.swift */ = {isa = PBXFileReference; fileEncoding = 4; lastKnownFileType = sourcecode.swift; path = ProjectViewController.swift; sourceTree = "<group>"; };
		E4D161F61ECEA16A009B1DD9 /* UserManager.swift */ = {isa = PBXFileReference; fileEncoding = 4; lastKnownFileType = sourcecode.swift; path = UserManager.swift; sourceTree = "<group>"; };
		E4D1CAE41DF5C028008DC4F9 /* RequestViewController.swift */ = {isa = PBXFileReference; fileEncoding = 4; lastKnownFileType = sourcecode.swift; path = RequestViewController.swift; sourceTree = "<group>"; };
		E4D1F28820EBAC5F002953A1 /* Settings.storyboard */ = {isa = PBXFileReference; lastKnownFileType = file.storyboard; path = Settings.storyboard; sourceTree = "<group>"; };
		E4DE76901E1D2644002A8385 /* LoginViewController.swift */ = {isa = PBXFileReference; fileEncoding = 4; lastKnownFileType = sourcecode.swift; path = LoginViewController.swift; sourceTree = "<group>"; };
		E4DE76921E1D2AB0002A8385 /* login-bg-iPad.jpg */ = {isa = PBXFileReference; lastKnownFileType = image.jpeg; path = "login-bg-iPad.jpg"; sourceTree = "<group>"; };
		E4DE76941E1D3DAE002A8385 /* register-bg.jpg */ = {isa = PBXFileReference; lastKnownFileType = image.jpeg; path = "register-bg.jpg"; sourceTree = "<group>"; };
		E4DE76951E1D3DAE002A8385 /* login-bg.jpg */ = {isa = PBXFileReference; lastKnownFileType = image.jpeg; path = "login-bg.jpg"; sourceTree = "<group>"; };
		E4DE76981E1D3DF5002A8385 /* RegisterViewController.swift */ = {isa = PBXFileReference; fileEncoding = 4; lastKnownFileType = sourcecode.swift; path = RegisterViewController.swift; sourceTree = "<group>"; };
		E4DE769A1E1E9FE2002A8385 /* register-bg-iPad.jpg */ = {isa = PBXFileReference; lastKnownFileType = image.jpeg; path = "register-bg-iPad.jpg"; sourceTree = "<group>"; };
		E4E297B01E00021500AD484E /* ResponseHeaderViewController.swift */ = {isa = PBXFileReference; fileEncoding = 4; lastKnownFileType = sourcecode.swift; path = ResponseHeaderViewController.swift; sourceTree = "<group>"; };
		E4EC89CF1E129FA10072ACF3 /* STDPingServices.h */ = {isa = PBXFileReference; fileEncoding = 4; lastKnownFileType = sourcecode.c.h; path = STDPingServices.h; sourceTree = "<group>"; };
		E4EC89D01E129FA10072ACF3 /* STDPingServices.m */ = {isa = PBXFileReference; fileEncoding = 4; lastKnownFileType = sourcecode.c.objc; path = STDPingServices.m; sourceTree = "<group>"; };
		E4EC89D31E12A00C0072ACF3 /* IPAddressTableViewController.swift */ = {isa = PBXFileReference; fileEncoding = 4; lastKnownFileType = sourcecode.swift; path = IPAddressTableViewController.swift; sourceTree = "<group>"; };
		E4EC89D51E12A4C70072ACF3 /* SimplePing.h */ = {isa = PBXFileReference; fileEncoding = 4; lastKnownFileType = sourcecode.c.h; path = SimplePing.h; sourceTree = "<group>"; };
		E4EC89D61E12A4C70072ACF3 /* SimplePing.m */ = {isa = PBXFileReference; fileEncoding = 4; lastKnownFileType = sourcecode.c.objc; path = SimplePing.m; sourceTree = "<group>"; };
		E4F16F611E4B685F00C17DA4 /* ResetViewController.swift */ = {isa = PBXFileReference; fileEncoding = 4; lastKnownFileType = sourcecode.swift; path = ResetViewController.swift; sourceTree = "<group>"; };
		E4F95CD51E15685A005A0004 /* WhoisViewController.swift */ = {isa = PBXFileReference; fileEncoding = 4; lastKnownFileType = sourcecode.swift; path = WhoisViewController.swift; sourceTree = "<group>"; };
		E4F95CD71E1572FD005A0004 /* whois.css */ = {isa = PBXFileReference; fileEncoding = 4; lastKnownFileType = text.css; path = whois.css; sourceTree = "<group>"; };
		E4F95CD91E16A7D3005A0004 /* DetailIPInformationTableViewController.swift */ = {isa = PBXFileReference; fileEncoding = 4; lastKnownFileType = sourcecode.swift; path = DetailIPInformationTableViewController.swift; sourceTree = "<group>"; };
		EF3A954FCEE5E084F25916CA /* Pods.release.xcconfig */ = {isa = PBXFileReference; includeInIndex = 1; lastKnownFileType = text.xcconfig; name = Pods.release.xcconfig; path = "Pods/Target Support Files/Pods/Pods.release.xcconfig"; sourceTree = "<group>"; };
/* End PBXFileReference section */

/* Begin PBXFrameworksBuildPhase section */
		E48D41511D444F3F0028B84F /* Frameworks */ = {
			isa = PBXFrameworksBuildPhase;
			buildActionMask = 2147483647;
			files = (
				4F51F2CAB45DDC76A9F169B1 /* Pods_Httper.framework in Frameworks */,
			);
			runOnlyForDeploymentPostprocessing = 0;
		};
		E48D41681D444F3F0028B84F /* Frameworks */ = {
			isa = PBXFrameworksBuildPhase;
			buildActionMask = 2147483647;
			files = (
			);
			runOnlyForDeploymentPostprocessing = 0;
		};
		E48D41731D444F3F0028B84F /* Frameworks */ = {
			isa = PBXFrameworksBuildPhase;
			buildActionMask = 2147483647;
			files = (
			);
			runOnlyForDeploymentPostprocessing = 0;
		};
/* End PBXFrameworksBuildPhase section */

/* Begin PBXGroup section */
		77271CAD21E744BA0072E007 /* ViewController */ = {
			isa = PBXGroup;
			children = (
				77CDA189222E13FE0063C472 /* BaseNavigationController.swift */,
				77CDA187222E13FE0063C472 /* BaseViewController.swift */,
				77CDA188222E13FE0063C472 /* BaseViewModel.swift */,
				77CDA18A222E13FE0063C472 /* CustomNavigationBarViewController.swift */,
				E4798BDE1E2BC92600DCD4E2 /* EditingViewController.swift */,
			);
			path = ViewController;
			sourceTree = "<group>";
		};
		77271CAE21E744D30072E007 /* Net */ = {
			isa = PBXGroup;
			children = (
				E46ABF501E140F2E00E0C092 /* InternetTool.h */,
				E46ABF511E140F2E00E0C092 /* InternetTool.m */,
				E400D3C320C1BF0900B2BC7F /* radix.h */,
				E400D3C220C1BEF100B2BC7F /* route_simulator.h */,
				E46ABF4F1E140C6700E0C092 /* route.h */,
				E4EC89D51E12A4C70072ACF3 /* SimplePing.h */,
				E4EC89D61E12A4C70072ACF3 /* SimplePing.m */,
				E4EC89CF1E129FA10072ACF3 /* STDPingServices.h */,
				E4EC89D01E129FA10072ACF3 /* STDPingServices.m */,
			);
			path = Net;
			sourceTree = "<group>";
		};
		772F8D6B21F6C5EE00858714 /* Main */ = {
			isa = PBXGroup;
			children = (
				E40B257D1DF44BD20039CA8D /* MainViewController.swift */,
				E49F67FB214956C900646892 /* MainViewModel.swift */,
			);
			path = Main;
			sourceTree = "<group>";
		};
		774C75DC20D790F300DBD9EC /* Model */ = {
			isa = PBXGroup;
			children = (
				E48D415E1D444F3F0028B84F /* Httper.xcdatamodeld */,
				E49BC0A71E4226F400241004 /* Project+CoreDataClass.swift */,
				E49BC0A81E4226F400241004 /* Project+CoreDataProperties.swift */,
				E49BC0A91E4226F400241004 /* Request+CoreDataClass.swift */,
				E49BC0AA1E4226F400241004 /* Request+CoreDataProperties.swift */,
				77A5306F2165AF070008CC56 /* RequestData.swift */,
			);
			path = Model;
			sourceTree = "<group>";
		};
		774C75DD20D7911B00DBD9EC /* Manager */ = {
			isa = PBXGroup;
			children = (
				E47FDC641E38697600251EEC /* SyncManager.swift */,
				E4D161F61ECEA16A009B1DD9 /* UserManager.swift */,
				777BE32B216C83D300D70427 /* RequestManager.swift */,
			);
			path = Manager;
			sourceTree = "<group>";
		};
		774C75DE20D7912A00DBD9EC /* Dao */ = {
			isa = PBXGroup;
			children = (
				E4A37A9C1E018D7500586BA1 /* RequestDao.swift */,
				E49BC0AF1E4227BA00241004 /* ProjectDao.swift */,
				E4305A461E34F65000010B52 /* DaoManager.swift */,
				E4305A481E34F8E100010B52 /* DaoTemplate.swift */,
			);
			path = Dao;
			sourceTree = "<group>";
		};
		774C75DF20D7915100DBD9EC /* Request */ = {
			isa = PBXGroup;
			children = (
				E4007EB81DFEE7B7002A87FA /* BodyViewController.swift */,
				77F39967215381700016978E /* BodyViewModel.swift */,
				77A53083216709460008CC56 /* DetailViewController.swift */,
				77A53081216708F60008CC56 /* DetailViewModel.swift */,
				E4CA760B1E3CEE07008D7A52 /* HeaderKeysTableViewController.swift */,
				77F3995E215373600016978E /* KeyValueViewController.swift */,
				77F39960215373770016978E /* KeyValueViewModel.swift */,
				E48553311DF9B2AF00A1DB60 /* PrettyViewController.swift */,
				77A5307B2167087F0008CC56 /* PrettyViewModel.swift */,
				E48553351DF9B2CF00A1DB60 /* PreviewViewController.swift */,
				77A5307F216708E00008CC56 /* PreviewViewModel.swift */,
				E48553331DF9B2BF00A1DB60 /* RawViewController.swift */,
				77A5307D216708CC0008CC56 /* RawViewModel.swift */,
				E4D1CAE41DF5C028008DC4F9 /* RequestViewController.swift */,
				E49F680121495BA500646892 /* RequestViewModel.swift */,
				E4E297B01E00021500AD484E /* ResponseHeaderViewController.swift */,
				E447287A1DF7CE80007D2C8B /* ResultViewController.swift */,
				77A530712165BEE50008CC56 /* ResultViewModel.swift */,
				77271CAF21E747D30072E007 /* SaveToProjectViewController.swift */,
				77271CB121E747FB0072E007 /* SaveToProjectViewModel.swift */,
			);
			path = Request;
			sourceTree = "<group>";
		};
		774C75E620D791E400DBD9EC /* Library */ = {
			isa = PBXGroup;
			children = (
				777760D2225D999D0053BA3D /* Protocol */,
				77271CAE21E744D30072E007 /* Net */,
				77271CAD21E744BA0072E007 /* ViewController */,
				77CDA185222E130A0063C472 /* AppLog.swift */,
				E41642D21DF970CE00F0339E /* CommonTool.swift */,
				E4305A371E2E5FF900010B52 /* Global.swift */,
				E45D3E851E21296F0002E1F2 /* InternetResponse.swift */,
				77F39965215377790016978E /* SingleSection.swift */,
				E47FDC5F1E3861AF00251EEC /* Versions.swift */,
			);
			path = Library;
			sourceTree = "<group>";
		};
		774C75E820D7921500DBD9EC /* Project */ = {
			isa = PBXGroup;
			children = (
				E4CA76121E3F7E1A008D7A52 /* AddProjectViewController.swift */,
				77B474DB21F3593100BE4551 /* AddProjectViewModel.swift */,
				E4712ED91E55FC81002FF8E1 /* ProjectIntroductionViewController.swift */,
				7739628A225C46320091C669 /* ProjectIntroductionViewModel.swift */,
				E4712ED71E55FC71002FF8E1 /* ProjectNameViewController.swift */,
				77396286225C33EE0091C669 /* ProjectNameViewModel.swift */,
				E44B98A620EBDE06004FEF67 /* ProjectsViewController.swift */,
				E49F680521495EE300646892 /* ProjectsViewModel.swift */,
				E4D034481E4A0DB300580FAC /* ProjectViewController.swift */,
				77BBBCE521819B0700500A3A /* ProjectViewModel.swift */,
			);
			path = Project;
			sourceTree = "<group>";
		};
		774C75E920D7923B00DBD9EC /* Supporting Files */ = {
			isa = PBXGroup;
			children = (
				E431C4AB1DF72172006BB2D6 /* Localizable.strings */,
				E4DE76921E1D2AB0002A8385 /* login-bg-iPad.jpg */,
				E4DE76951E1D3DAE002A8385 /* login-bg.jpg */,
				E4DE769A1E1E9FE2002A8385 /* register-bg-iPad.jpg */,
				E4DE76941E1D3DAE002A8385 /* register-bg.jpg */,
			);
			path = "Supporting Files";
			sourceTree = "<group>";
		};
		774C75EA20D7927F00DBD9EC /* Settings */ = {
			isa = PBXGroup;
			children = (
				E4F95CD91E16A7D3005A0004 /* DetailIPInformationTableViewController.swift */,
				E4EC89D31E12A00C0072ACF3 /* IPAddressTableViewController.swift */,
				E48BF6541F3DAA0D00F567FC /* KeyboardAccessoryCollectionViewController.swift */,
				E4DE76901E1D2644002A8385 /* LoginViewController.swift */,
				E4BBC9921E4DCCBB002107DF /* NameViewController.swift */,
				E46077601E126948002DE839 /* PingViewController.swift */,
				E4305A391E2F11EB00010B52 /* ProfileTableViewController.swift */,
				E4DE76981E1D3DF5002A8385 /* RegisterViewController.swift */,
				E4F16F611E4B685F00C17DA4 /* ResetViewController.swift */,
				E49F67F92149568B00646892 /* SettingsTableViewController.swift */,
				E42A713C214961780070D8FC /* SettingsViewModel.swift */,
				E4F95CD71E1572FD005A0004 /* whois.css */,
				E4F95CD51E15685A005A0004 /* WhoisViewController.swift */,
			);
			path = Settings;
			sourceTree = "<group>";
		};
		774C75EB20D7929E00DBD9EC /* Storyboard */ = {
			isa = PBXGroup;
			children = (
				E48D41631D444F3F0028B84F /* LaunchScreen.storyboard */,
				774C75F120D79B9D00DBD9EC /* Login.storyboard */,
				E4D1F28820EBAC5F002953A1 /* Settings.storyboard */,
			);
			path = Storyboard;
			sourceTree = "<group>";
		};
		774C75EC20D793D000DBD9EC /* Extension */ = {
			isa = PBXGroup;
			children = (
				772F8D6F21F6D12300858714 /* Eruka+Rx.swift */,
				77513CDC216DFDD900929068 /* M80AttributedLabel+Rx.swift */,
				77CDA191222E1CB90063C472 /* NVActivityIndicatorViewable+Rx.swift */,
				77396288225C43080091C669 /* Observable+Extension.swift */,
				77CDA183222E12B80063C472 /* RxFlow+Extension.swift */,
				77A530732165C3F20008CC56 /* String+Extension.swift */,
				E409869F215523A2006CCC04 /* UIColor+Extension.swift */,
				77A530792165C7580008CC56 /* UIImage+Extension.swift */,
				77A530772165C6BF0008CC56 /* UINavigationBar+Extension.swift */,
				E40986A0215523A2006CCC04 /* UITableView+Extension.swift */,
				E411A309215286C5004ADBAE /* UIView+Extension.swift */,
				E40986A1215523A3006CCC04 /* UIViewController+Extension.swift */,
			);
			path = Extension;
			sourceTree = "<group>";
		};
		777760D2225D999D0053BA3D /* Protocol */ = {
			isa = PBXGroup;
			children = (
				777760D3225D99B20053BA3D /* RxKeyboardViewController.swift */,
			);
			path = Protocol;
			sourceTree = "<group>";
		};
		77F399622153741F0016978E /* Cell */ = {
			isa = PBXGroup;
			children = (
				77F39963215374370016978E /* KeyValueTableViewCell.swift */,
				77F39969215382BA0016978E /* MenuViewCell.swift */,
				7766EA7B217DC4AB001A6260 /* DetailTableViewCell.swift */,
				77BBBCBA2181585C00500A3A /* SelectionTableViewCell.swift */,
				77BBBCBC21815C9C00500A3A /* RequestTableViewCell.swift */,
				77D6A7EC2186AA4500A65283 /* DeleteTableViewCell.swift */,
				77271CB321E74DE60072E007 /* ProjectTableViewCell.swift */,
			);
			path = Cell;
			sourceTree = "<group>";
		};
		A8EB941CC2B91E61E832B80C /* Pods */ = {
			isa = PBXGroup;
			children = (
				4787A86C21239A8AA4ADE88E /* Pods.debug.xcconfig */,
				EF3A954FCEE5E084F25916CA /* Pods.release.xcconfig */,
				4F2FE7831EA2CA12EBD27AA5 /* Pods-Httper.debug.xcconfig */,
				7EBC322CA510BFBBFF4AB72E /* Pods-Httper.release.xcconfig */,
			);
			name = Pods;
			sourceTree = "<group>";
		};
		D8CD94EBE26387F8C13A7757 /* Frameworks */ = {
			isa = PBXGroup;
			children = (
				5637677047F4C4B6CA981D18 /* Pods_Httper.framework */,
			);
			name = Frameworks;
			sourceTree = "<group>";
		};
		E48D414B1D444F3F0028B84F = {
			isa = PBXGroup;
			children = (
				E48D41561D444F3F0028B84F /* Httper */,
				E48D416E1D444F3F0028B84F /* HttperTests */,
				E48D41791D444F3F0028B84F /* HttperUITests */,
				E48D41551D444F3F0028B84F /* Products */,
				A8EB941CC2B91E61E832B80C /* Pods */,
				D8CD94EBE26387F8C13A7757 /* Frameworks */,
			);
			sourceTree = "<group>";
		};
		E48D41551D444F3F0028B84F /* Products */ = {
			isa = PBXGroup;
			children = (
				E48D41541D444F3F0028B84F /* Httper.app */,
				E48D416B1D444F3F0028B84F /* HttperTests.xctest */,
				E48D41761D444F3F0028B84F /* HttperUITests.xctest */,
			);
			name = Products;
			sourceTree = "<group>";
		};
		E48D41561D444F3F0028B84F /* Httper */ = {
			isa = PBXGroup;
			children = (
				77F399622153741F0016978E /* Cell */,
				E49F67F8214955C300646892 /* Controller */,
				E49F67F3214954E000646892 /* Flow */,
				774C75DE20D7912A00DBD9EC /* Dao */,
				774C75EC20D793D000DBD9EC /* Extension */,
				774C75E620D791E400DBD9EC /* Library */,
				774C75DD20D7911B00DBD9EC /* Manager */,
				774C75DC20D790F300DBD9EC /* Model */,
				774C75EB20D7929E00DBD9EC /* Storyboard */,
				774C75E920D7923B00DBD9EC /* Supporting Files */,
				E41642D11DF96F6800F0339E /* Httper-Bridging-Header.h */,
				E48D41571D444F3F0028B84F /* AppDelegate.swift */,
				774C75EF20D795EE00DBD9EC /* R.generated.swift */,
				E48D41611D444F3F0028B84F /* Assets.xcassets */,
				E48D41661D444F3F0028B84F /* Info.plist */,
			);
			path = Httper;
			sourceTree = "<group>";
		};
		E48D416E1D444F3F0028B84F /* HttperTests */ = {
			isa = PBXGroup;
			children = (
				E48D416F1D444F3F0028B84F /* HttperTests.swift */,
				E48D41711D444F3F0028B84F /* Info.plist */,
			);
			path = HttperTests;
			sourceTree = "<group>";
		};
		E48D41791D444F3F0028B84F /* HttperUITests */ = {
			isa = PBXGroup;
			children = (
				E48D417A1D444F3F0028B84F /* HttperUITests.swift */,
				E48D417C1D444F3F0028B84F /* Info.plist */,
			);
			path = HttperUITests;
			sourceTree = "<group>";
		};
		E49F67F3214954E000646892 /* Flow */ = {
			isa = PBXGroup;
			children = (
				E46CE46F214A828A0046BCCA /* AppFlow.swift */,
				E46CE470214A828B0046BCCA /* MainFlow.swift */,
				E49F67FF21495B0E00646892 /* RequestFlow.swift */,
				E49F680321495E3300646892 /* ProjectFlow.swift */,
				E42A713A214960DA0070D8FC /* SettingsFlow.swift */,
			);
			path = Flow;
			sourceTree = "<group>";
		};
		E49F67F8214955C300646892 /* Controller */ = {
			isa = PBXGroup;
			children = (
				772F8D6B21F6C5EE00858714 /* Main */,
				774C75E820D7921500DBD9EC /* Project */,
				774C75DF20D7915100DBD9EC /* Request */,
				774C75EA20D7927F00DBD9EC /* Settings */,
			);
			path = Controller;
			sourceTree = "<group>";
		};
/* End PBXGroup section */

/* Begin PBXNativeTarget section */
		E48D41531D444F3F0028B84F /* Httper */ = {
			isa = PBXNativeTarget;
			buildConfigurationList = E48D417F1D444F3F0028B84F /* Build configuration list for PBXNativeTarget "Httper" */;
			buildPhases = (
				B34714CFC077D59594A73EA9 /* [CP] Check Pods Manifest.lock */,
				3698EC3B1F879B5B0017C7D9 /* R.swift */,
				E48D41501D444F3F0028B84F /* Sources */,
				E48D41511D444F3F0028B84F /* Frameworks */,
				E48D41521D444F3F0028B84F /* Resources */,
				5FBDFA7A01C00541D71051CF /* [CP] Embed Pods Frameworks */,
			);
			buildRules = (
			);
			dependencies = (
			);
			name = Httper;
			productName = Httper;
			productReference = E48D41541D444F3F0028B84F /* Httper.app */;
			productType = "com.apple.product-type.application";
		};
		E48D416A1D444F3F0028B84F /* HttperTests */ = {
			isa = PBXNativeTarget;
			buildConfigurationList = E48D41821D444F3F0028B84F /* Build configuration list for PBXNativeTarget "HttperTests" */;
			buildPhases = (
				E48D41671D444F3F0028B84F /* Sources */,
				E48D41681D444F3F0028B84F /* Frameworks */,
				E48D41691D444F3F0028B84F /* Resources */,
			);
			buildRules = (
			);
			dependencies = (
				E48D416D1D444F3F0028B84F /* PBXTargetDependency */,
			);
			name = HttperTests;
			productName = HttperTests;
			productReference = E48D416B1D444F3F0028B84F /* HttperTests.xctest */;
			productType = "com.apple.product-type.bundle.unit-test";
		};
		E48D41751D444F3F0028B84F /* HttperUITests */ = {
			isa = PBXNativeTarget;
			buildConfigurationList = E48D41851D444F3F0028B84F /* Build configuration list for PBXNativeTarget "HttperUITests" */;
			buildPhases = (
				E48D41721D444F3F0028B84F /* Sources */,
				E48D41731D444F3F0028B84F /* Frameworks */,
				E48D41741D444F3F0028B84F /* Resources */,
			);
			buildRules = (
			);
			dependencies = (
				E48D41781D444F3F0028B84F /* PBXTargetDependency */,
			);
			name = HttperUITests;
			productName = HttperUITests;
			productReference = E48D41761D444F3F0028B84F /* HttperUITests.xctest */;
			productType = "com.apple.product-type.bundle.ui-testing";
		};
/* End PBXNativeTarget section */

/* Begin PBXProject section */
		E48D414C1D444F3F0028B84F /* Project object */ = {
			isa = PBXProject;
			attributes = {
				LastSwiftUpdateCheck = 0730;
				LastUpgradeCheck = 0820;
				ORGANIZATIONNAME = limeng;
				TargetAttributes = {
					E48D41531D444F3F0028B84F = {
						CreatedOnToolsVersion = 7.3;
						DevelopmentTeam = 6ANM44X2CJ;
						LastSwiftMigration = 0800;
						ProvisioningStyle = Automatic;
					};
					E48D416A1D444F3F0028B84F = {
						CreatedOnToolsVersion = 7.3;
						LastSwiftMigration = 0800;
						TestTargetID = E48D41531D444F3F0028B84F;
					};
					E48D41751D444F3F0028B84F = {
						CreatedOnToolsVersion = 7.3;
						LastSwiftMigration = 0800;
						TestTargetID = E48D41531D444F3F0028B84F;
					};
				};
			};
			buildConfigurationList = E48D414F1D444F3F0028B84F /* Build configuration list for PBXProject "Httper" */;
			compatibilityVersion = "Xcode 3.2";
			developmentRegion = English;
			hasScannedForEncodings = 0;
			knownRegions = (
				English,
				en,
				Base,
			);
			mainGroup = E48D414B1D444F3F0028B84F;
			productRefGroup = E48D41551D444F3F0028B84F /* Products */;
			projectDirPath = "";
			projectRoot = "";
			targets = (
				E48D41531D444F3F0028B84F /* Httper */,
				E48D416A1D444F3F0028B84F /* HttperTests */,
				E48D41751D444F3F0028B84F /* HttperUITests */,
			);
		};
/* End PBXProject section */

/* Begin PBXResourcesBuildPhase section */
		E48D41521D444F3F0028B84F /* Resources */ = {
			isa = PBXResourcesBuildPhase;
			buildActionMask = 2147483647;
			files = (
				E4DE76931E1D2AB0002A8385 /* login-bg-iPad.jpg in Resources */,
				E48D41651D444F3F0028B84F /* LaunchScreen.storyboard in Resources */,
				E4D1F28920EBAC5F002953A1 /* Settings.storyboard in Resources */,
				E4DE76971E1D3DAE002A8385 /* login-bg.jpg in Resources */,
				E4DE76961E1D3DAE002A8385 /* register-bg.jpg in Resources */,
				E431C4AC1DF72172006BB2D6 /* Localizable.strings in Resources */,
				E4DE769B1E1E9FE2002A8385 /* register-bg-iPad.jpg in Resources */,
				E4F95CD81E1572FD005A0004 /* whois.css in Resources */,
				E48D41621D444F3F0028B84F /* Assets.xcassets in Resources */,
				774C75F220D79B9D00DBD9EC /* Login.storyboard in Resources */,
			);
			runOnlyForDeploymentPostprocessing = 0;
		};
		E48D41691D444F3F0028B84F /* Resources */ = {
			isa = PBXResourcesBuildPhase;
			buildActionMask = 2147483647;
			files = (
			);
			runOnlyForDeploymentPostprocessing = 0;
		};
		E48D41741D444F3F0028B84F /* Resources */ = {
			isa = PBXResourcesBuildPhase;
			buildActionMask = 2147483647;
			files = (
			);
			runOnlyForDeploymentPostprocessing = 0;
		};
/* End PBXResourcesBuildPhase section */

/* Begin PBXShellScriptBuildPhase section */
		3698EC3B1F879B5B0017C7D9 /* R.swift */ = {
			isa = PBXShellScriptBuildPhase;
			buildActionMask = 2147483647;
			files = (
			);
			inputPaths = (
				"$TEMP_DIR/rswift-lastrun",
			);
			name = R.swift;
			outputPaths = (
				$SRCROOT/$TARGET_NAME/R.generated.swift,
			);
			runOnlyForDeploymentPostprocessing = 0;
			shellPath = /bin/bash;
			shellScript = "$PODS_ROOT/R.swift/rswift generate $SRCROOT/$TARGET_NAME/R.generated.swift\n";
		};
		5FBDFA7A01C00541D71051CF /* [CP] Embed Pods Frameworks */ = {
			isa = PBXShellScriptBuildPhase;
			buildActionMask = 2147483647;
			files = (
			);
			inputPaths = (
				"${PODS_ROOT}/Target Support Files/Pods-Httper/Pods-Httper-frameworks.sh",
				"${BUILT_PRODUCTS_DIR}/Alamofire/Alamofire.framework",
				"${BUILT_PRODUCTS_DIR}/AttributedTextView/AttributedTextView.framework",
				"${BUILT_PRODUCTS_DIR}/Bolts/Bolts.framework",
				"${BUILT_PRODUCTS_DIR}/Differentiator/Differentiator.framework",
				"${BUILT_PRODUCTS_DIR}/ESPullToRefresh/ESPullToRefresh.framework",
				"${BUILT_PRODUCTS_DIR}/Eureka/Eureka.framework",
				"${BUILT_PRODUCTS_DIR}/FBSDKCoreKit/FBSDKCoreKit.framework",
				"${BUILT_PRODUCTS_DIR}/FBSDKLoginKit/FBSDKLoginKit.framework",
				"${BUILT_PRODUCTS_DIR}/FacebookCore/FacebookCore.framework",
				"${BUILT_PRODUCTS_DIR}/FacebookLogin/FacebookLogin.framework",
				"${BUILT_PRODUCTS_DIR}/Fuzi/Fuzi.framework",
				"${BUILT_PRODUCTS_DIR}/Kanna/Kanna.framework",
				"${BUILT_PRODUCTS_DIR}/Kingfisher/Kingfisher.framework",
				"${BUILT_PRODUCTS_DIR}/M80AttributedLabel/M80AttributedLabel.framework",
				"${BUILT_PRODUCTS_DIR}/MGFormatter/MGFormatter.framework",
				"${BUILT_PRODUCTS_DIR}/MGKeyboardAccessory/MGKeyboardAccessory.framework",
				"${BUILT_PRODUCTS_DIR}/MGSelector/MGSelector.framework",
				"${BUILT_PRODUCTS_DIR}/NVActivityIndicatorView/NVActivityIndicatorView.framework",
				"${BUILT_PRODUCTS_DIR}/PagingKit/PagingKit.framework",
				"${BUILT_PRODUCTS_DIR}/R.swift.Library/Rswift.framework",
				"${BUILT_PRODUCTS_DIR}/ReachabilitySwift/Reachability.framework",
				"${BUILT_PRODUCTS_DIR}/Reusable/Reusable.framework",
				"${BUILT_PRODUCTS_DIR}/RxAlamofire/RxAlamofire.framework",
				"${BUILT_PRODUCTS_DIR}/RxAlertViewable/RxAlertViewable.framework",
				"${BUILT_PRODUCTS_DIR}/RxBinding/RxBinding.framework",
				"${BUILT_PRODUCTS_DIR}/RxCocoa/RxCocoa.framework",
				"${BUILT_PRODUCTS_DIR}/RxDataSources/RxDataSources.framework",
				"${BUILT_PRODUCTS_DIR}/RxFlow/RxFlow.framework",
				"${BUILT_PRODUCTS_DIR}/RxKeyboard/RxKeyboard.framework",
				"${BUILT_PRODUCTS_DIR}/RxKingfisher/RxKingfisher.framework",
				"${BUILT_PRODUCTS_DIR}/RxSwift/RxSwift.framework",
				"${BUILT_PRODUCTS_DIR}/SnapKit/SnapKit.framework",
				"${BUILT_PRODUCTS_DIR}/SwiftyJSON/SwiftyJSON.framework",
				"${BUILT_PRODUCTS_DIR}/SwiftyUserDefaults/SwiftyUserDefaults.framework",
				"${BUILT_PRODUCTS_DIR}/SwipeBack/SwipeBack.framework",
				"${BUILT_PRODUCTS_DIR}/UIGradient/UIGradient.framework",
				"${BUILT_PRODUCTS_DIR}/UIImageView+Extension/UIImageView_Extension.framework",
				"${BUILT_PRODUCTS_DIR}/UITextView+Placeholder/UITextView_Placeholder.framework",
			);
			name = "[CP] Embed Pods Frameworks";
			outputPaths = (
				"${TARGET_BUILD_DIR}/${FRAMEWORKS_FOLDER_PATH}/Alamofire.framework",
				"${TARGET_BUILD_DIR}/${FRAMEWORKS_FOLDER_PATH}/AttributedTextView.framework",
				"${TARGET_BUILD_DIR}/${FRAMEWORKS_FOLDER_PATH}/Bolts.framework",
				"${TARGET_BUILD_DIR}/${FRAMEWORKS_FOLDER_PATH}/Differentiator.framework",
				"${TARGET_BUILD_DIR}/${FRAMEWORKS_FOLDER_PATH}/ESPullToRefresh.framework",
				"${TARGET_BUILD_DIR}/${FRAMEWORKS_FOLDER_PATH}/Eureka.framework",
				"${TARGET_BUILD_DIR}/${FRAMEWORKS_FOLDER_PATH}/FBSDKCoreKit.framework",
				"${TARGET_BUILD_DIR}/${FRAMEWORKS_FOLDER_PATH}/FBSDKLoginKit.framework",
				"${TARGET_BUILD_DIR}/${FRAMEWORKS_FOLDER_PATH}/FacebookCore.framework",
				"${TARGET_BUILD_DIR}/${FRAMEWORKS_FOLDER_PATH}/FacebookLogin.framework",
				"${TARGET_BUILD_DIR}/${FRAMEWORKS_FOLDER_PATH}/Fuzi.framework",
				"${TARGET_BUILD_DIR}/${FRAMEWORKS_FOLDER_PATH}/Kanna.framework",
				"${TARGET_BUILD_DIR}/${FRAMEWORKS_FOLDER_PATH}/Kingfisher.framework",
				"${TARGET_BUILD_DIR}/${FRAMEWORKS_FOLDER_PATH}/M80AttributedLabel.framework",
				"${TARGET_BUILD_DIR}/${FRAMEWORKS_FOLDER_PATH}/MGFormatter.framework",
				"${TARGET_BUILD_DIR}/${FRAMEWORKS_FOLDER_PATH}/MGKeyboardAccessory.framework",
				"${TARGET_BUILD_DIR}/${FRAMEWORKS_FOLDER_PATH}/MGSelector.framework",
				"${TARGET_BUILD_DIR}/${FRAMEWORKS_FOLDER_PATH}/NVActivityIndicatorView.framework",
				"${TARGET_BUILD_DIR}/${FRAMEWORKS_FOLDER_PATH}/PagingKit.framework",
				"${TARGET_BUILD_DIR}/${FRAMEWORKS_FOLDER_PATH}/Rswift.framework",
				"${TARGET_BUILD_DIR}/${FRAMEWORKS_FOLDER_PATH}/Reachability.framework",
				"${TARGET_BUILD_DIR}/${FRAMEWORKS_FOLDER_PATH}/Reusable.framework",
				"${TARGET_BUILD_DIR}/${FRAMEWORKS_FOLDER_PATH}/RxAlamofire.framework",
				"${TARGET_BUILD_DIR}/${FRAMEWORKS_FOLDER_PATH}/RxAlertViewable.framework",
				"${TARGET_BUILD_DIR}/${FRAMEWORKS_FOLDER_PATH}/RxBinding.framework",
				"${TARGET_BUILD_DIR}/${FRAMEWORKS_FOLDER_PATH}/RxCocoa.framework",
				"${TARGET_BUILD_DIR}/${FRAMEWORKS_FOLDER_PATH}/RxDataSources.framework",
				"${TARGET_BUILD_DIR}/${FRAMEWORKS_FOLDER_PATH}/RxFlow.framework",
				"${TARGET_BUILD_DIR}/${FRAMEWORKS_FOLDER_PATH}/RxKeyboard.framework",
				"${TARGET_BUILD_DIR}/${FRAMEWORKS_FOLDER_PATH}/RxKingfisher.framework",
				"${TARGET_BUILD_DIR}/${FRAMEWORKS_FOLDER_PATH}/RxSwift.framework",
				"${TARGET_BUILD_DIR}/${FRAMEWORKS_FOLDER_PATH}/SnapKit.framework",
				"${TARGET_BUILD_DIR}/${FRAMEWORKS_FOLDER_PATH}/SwiftyJSON.framework",
				"${TARGET_BUILD_DIR}/${FRAMEWORKS_FOLDER_PATH}/SwiftyUserDefaults.framework",
				"${TARGET_BUILD_DIR}/${FRAMEWORKS_FOLDER_PATH}/SwipeBack.framework",
				"${TARGET_BUILD_DIR}/${FRAMEWORKS_FOLDER_PATH}/UIGradient.framework",
				"${TARGET_BUILD_DIR}/${FRAMEWORKS_FOLDER_PATH}/UIImageView_Extension.framework",
				"${TARGET_BUILD_DIR}/${FRAMEWORKS_FOLDER_PATH}/UITextView_Placeholder.framework",
			);
			runOnlyForDeploymentPostprocessing = 0;
			shellPath = /bin/sh;
			shellScript = "\"${PODS_ROOT}/Target Support Files/Pods-Httper/Pods-Httper-frameworks.sh\"\n";
			showEnvVarsInLog = 0;
		};
		B34714CFC077D59594A73EA9 /* [CP] Check Pods Manifest.lock */ = {
			isa = PBXShellScriptBuildPhase;
			buildActionMask = 2147483647;
			files = (
			);
			inputPaths = (
				"${PODS_PODFILE_DIR_PATH}/Podfile.lock",
				"${PODS_ROOT}/Manifest.lock",
			);
			name = "[CP] Check Pods Manifest.lock";
			outputPaths = (
				"$(DERIVED_FILE_DIR)/Pods-Httper-checkManifestLockResult.txt",
			);
			runOnlyForDeploymentPostprocessing = 0;
			shellPath = /bin/sh;
			shellScript = "diff \"${PODS_PODFILE_DIR_PATH}/Podfile.lock\" \"${PODS_ROOT}/Manifest.lock\" > /dev/null\nif [ $? != 0 ] ; then\n    # print error to STDERR\n    echo \"error: The sandbox is not in sync with the Podfile.lock. Run 'pod install' or update your CocoaPods installation.\" >&2\n    exit 1\nfi\n# This output is used by Xcode 'outputs' to avoid re-running this script phase.\necho \"SUCCESS\" > \"${SCRIPT_OUTPUT_FILE_0}\"\n";
			showEnvVarsInLog = 0;
		};
/* End PBXShellScriptBuildPhase section */

/* Begin PBXSourcesBuildPhase section */
		E48D41501D444F3F0028B84F /* Sources */ = {
			isa = PBXSourcesBuildPhase;
			buildActionMask = 2147483647;
			files = (
				E49F680421495E3300646892 /* ProjectFlow.swift in Sources */,
				E4DE76991E1D3DF5002A8385 /* RegisterViewController.swift in Sources */,
				E4712ED81E55FC71002FF8E1 /* ProjectNameViewController.swift in Sources */,
				77A53082216708F60008CC56 /* DetailViewModel.swift in Sources */,
				77F39964215374370016978E /* KeyValueTableViewCell.swift in Sources */,
				77A5307C2167087F0008CC56 /* PrettyViewModel.swift in Sources */,
				777BE32C216C83D300D70427 /* RequestManager.swift in Sources */,
				777760D4225D99B20053BA3D /* RxKeyboardViewController.swift in Sources */,
				E49F680021495B0E00646892 /* RequestFlow.swift in Sources */,
				77CDA18D222E13FE0063C472 /* BaseNavigationController.swift in Sources */,
				7766EA7C217DC4AB001A6260 /* DetailTableViewCell.swift in Sources */,
				77BBBCE621819B0700500A3A /* ProjectViewModel.swift in Sources */,
				77A53084216709460008CC56 /* DetailViewController.swift in Sources */,
				77A530782165C6C00008CC56 /* UINavigationBar+Extension.swift in Sources */,
				77A530722165BEE50008CC56 /* ResultViewModel.swift in Sources */,
				E45D3E861E21296F0002E1F2 /* InternetResponse.swift in Sources */,
				77A53080216708E00008CC56 /* PreviewViewModel.swift in Sources */,
				E46ABF521E140F2E00E0C092 /* InternetTool.m in Sources */,
				E4E297B11E00021500AD484E /* ResponseHeaderViewController.swift in Sources */,
				E4A37A9D1E018D7500586BA1 /* RequestDao.swift in Sources */,
				E4D161F71ECEA16A009B1DD9 /* UserManager.swift in Sources */,
				E48D41601D444F3F0028B84F /* Httper.xcdatamodeld in Sources */,
				77CDA192222E1CB90063C472 /* NVActivityIndicatorViewable+Rx.swift in Sources */,
				77271CB021E747D30072E007 /* SaveToProjectViewController.swift in Sources */,
				77A530702165AF070008CC56 /* RequestData.swift in Sources */,
				E40986A2215523A3006CCC04 /* UIColor+Extension.swift in Sources */,
				E41642D31DF970CE00F0339E /* CommonTool.swift in Sources */,
				77396289225C43080091C669 /* Observable+Extension.swift in Sources */,
				77CDA186222E130A0063C472 /* AppLog.swift in Sources */,
				E49F67FC214956C900646892 /* MainViewModel.swift in Sources */,
				E4305A381E2E5FF900010B52 /* Global.swift in Sources */,
				E4D1CAE51DF5C028008DC4F9 /* RequestViewController.swift in Sources */,
				E48553361DF9B2CF00A1DB60 /* PreviewViewController.swift in Sources */,
				E4D034491E4A0DB300580FAC /* ProjectViewController.swift in Sources */,
				77271CB221E747FB0072E007 /* SaveToProjectViewModel.swift in Sources */,
				77F39961215373770016978E /* KeyValueViewModel.swift in Sources */,
				E4CA760C1E3CEE07008D7A52 /* HeaderKeysTableViewController.swift in Sources */,
				E4EC89D71E12A4C70072ACF3 /* SimplePing.m in Sources */,
				E42A713B214960DA0070D8FC /* SettingsFlow.swift in Sources */,
				77CDA184222E12B90063C472 /* RxFlow+Extension.swift in Sources */,
				77396287225C33EE0091C669 /* ProjectNameViewModel.swift in Sources */,
				77CDA18E222E13FE0063C472 /* CustomNavigationBarViewController.swift in Sources */,
				E40986A3215523A3006CCC04 /* UITableView+Extension.swift in Sources */,
				E4F16F621E4B685F00C17DA4 /* ResetViewController.swift in Sources */,
				E48BF6551F3DAA0D00F567FC /* KeyboardAccessoryCollectionViewController.swift in Sources */,
				E4F95CDA1E16A7D3005A0004 /* DetailIPInformationTableViewController.swift in Sources */,
				E4305A491E34F8E100010B52 /* DaoTemplate.swift in Sources */,
				77A5307E216708CC0008CC56 /* RawViewModel.swift in Sources */,
				E44B98A720EBDE06004FEF67 /* ProjectsViewController.swift in Sources */,
				E40986A4215523A3006CCC04 /* UIViewController+Extension.swift in Sources */,
				77F3996A215382BA0016978E /* MenuViewCell.swift in Sources */,
				E4712EDA1E55FC81002FF8E1 /* ProjectIntroductionViewController.swift in Sources */,
				77BBBCBD21815C9C00500A3A /* RequestTableViewCell.swift in Sources */,
				77F3995F215373600016978E /* KeyValueViewController.swift in Sources */,
				E48D41581D444F3F0028B84F /* AppDelegate.swift in Sources */,
				E4305A3A1E2F11EB00010B52 /* ProfileTableViewController.swift in Sources */,
				E47FDC651E38697600251EEC /* SyncManager.swift in Sources */,
				77BBBCBB2181585C00500A3A /* SelectionTableViewCell.swift in Sources */,
				77A5307A2165C7580008CC56 /* UIImage+Extension.swift in Sources */,
				77B474DC21F3593100BE4551 /* AddProjectViewModel.swift in Sources */,
				77271CB421E74DE60072E007 /* ProjectTableViewCell.swift in Sources */,
				E46CE472214A828B0046BCCA /* MainFlow.swift in Sources */,
				77CDA18B222E13FE0063C472 /* BaseViewController.swift in Sources */,
				E4F95CD61E15685A005A0004 /* WhoisViewController.swift in Sources */,
				77513CDD216DFDD900929068 /* M80AttributedLabel+Rx.swift in Sources */,
				774C75F020D795EE00DBD9EC /* R.generated.swift in Sources */,
				E47FDC601E3861AF00251EEC /* Versions.swift in Sources */,
				E49BC0AC1E4226F400241004 /* Project+CoreDataProperties.swift in Sources */,
				E48553341DF9B2BF00A1DB60 /* RawViewController.swift in Sources */,
				E48553321DF9B2AF00A1DB60 /* PrettyViewController.swift in Sources */,
				E49BC0B01E4227BA00241004 /* ProjectDao.swift in Sources */,
				E49F680621495EE300646892 /* ProjectsViewModel.swift in Sources */,
				E46077611E126948002DE839 /* PingViewController.swift in Sources */,
				77CDA18C222E13FE0063C472 /* BaseViewModel.swift in Sources */,
				E49BC0AB1E4226F400241004 /* Project+CoreDataClass.swift in Sources */,
				77D6A7ED2186AA4500A65283 /* DeleteTableViewCell.swift in Sources */,
				E4798BDF1E2BC92600DCD4E2 /* EditingViewController.swift in Sources */,
				E4007EB91DFEE7B7002A87FA /* BodyViewController.swift in Sources */,
				77F39968215381700016978E /* BodyViewModel.swift in Sources */,
				E4EC89D21E129FA10072ACF3 /* STDPingServices.m in Sources */,
				E4EC89D41E12A00C0072ACF3 /* IPAddressTableViewController.swift in Sources */,
				E4305A471E34F65000010B52 /* DaoManager.swift in Sources */,
				E42A713D214961780070D8FC /* SettingsViewModel.swift in Sources */,
				E40B257E1DF44BD20039CA8D /* MainViewController.swift in Sources */,
				E49F67FA2149568B00646892 /* SettingsTableViewController.swift in Sources */,
				E49BC0AD1E4226F400241004 /* Request+CoreDataClass.swift in Sources */,
				E4BBC9931E4DCCBB002107DF /* NameViewController.swift in Sources */,
				E49F680221495BA500646892 /* RequestViewModel.swift in Sources */,
				772F8D7021F6D12300858714 /* Eruka+Rx.swift in Sources */,
				E46CE471214A828B0046BCCA /* AppFlow.swift in Sources */,
				77A530742165C3F20008CC56 /* String+Extension.swift in Sources */,
				7739628B225C46320091C669 /* ProjectIntroductionViewModel.swift in Sources */,
				E411A30A215286C5004ADBAE /* UIView+Extension.swift in Sources */,
				E4DE76911E1D2645002A8385 /* LoginViewController.swift in Sources */,
				77F39966215377790016978E /* SingleSection.swift in Sources */,
				E4CA76131E3F7E1A008D7A52 /* AddProjectViewController.swift in Sources */,
				E49BC0AE1E4226F400241004 /* Request+CoreDataProperties.swift in Sources */,
				E447287B1DF7CE80007D2C8B /* ResultViewController.swift in Sources */,
			);
			runOnlyForDeploymentPostprocessing = 0;
		};
		E48D41671D444F3F0028B84F /* Sources */ = {
			isa = PBXSourcesBuildPhase;
			buildActionMask = 2147483647;
			files = (
				E48D41701D444F3F0028B84F /* HttperTests.swift in Sources */,
			);
			runOnlyForDeploymentPostprocessing = 0;
		};
		E48D41721D444F3F0028B84F /* Sources */ = {
			isa = PBXSourcesBuildPhase;
			buildActionMask = 2147483647;
			files = (
				E48D417B1D444F3F0028B84F /* HttperUITests.swift in Sources */,
			);
			runOnlyForDeploymentPostprocessing = 0;
		};
/* End PBXSourcesBuildPhase section */

/* Begin PBXTargetDependency section */
		E48D416D1D444F3F0028B84F /* PBXTargetDependency */ = {
			isa = PBXTargetDependency;
			target = E48D41531D444F3F0028B84F /* Httper */;
			targetProxy = E48D416C1D444F3F0028B84F /* PBXContainerItemProxy */;
		};
		E48D41781D444F3F0028B84F /* PBXTargetDependency */ = {
			isa = PBXTargetDependency;
			target = E48D41531D444F3F0028B84F /* Httper */;
			targetProxy = E48D41771D444F3F0028B84F /* PBXContainerItemProxy */;
		};
/* End PBXTargetDependency section */

/* Begin PBXVariantGroup section */
		E48D41631D444F3F0028B84F /* LaunchScreen.storyboard */ = {
			isa = PBXVariantGroup;
			children = (
				E48D41641D444F3F0028B84F /* Base */,
			);
			name = LaunchScreen.storyboard;
			sourceTree = "<group>";
		};
/* End PBXVariantGroup section */

/* Begin XCBuildConfiguration section */
		E48D417D1D444F3F0028B84F /* Debug */ = {
			isa = XCBuildConfiguration;
			buildSettings = {
				ALWAYS_SEARCH_USER_PATHS = NO;
				CLANG_ANALYZER_NONNULL = YES;
				CLANG_CXX_LANGUAGE_STANDARD = "gnu++0x";
				CLANG_CXX_LIBRARY = "libc++";
				CLANG_ENABLE_MODULES = YES;
				CLANG_ENABLE_OBJC_ARC = YES;
				CLANG_WARN_BOOL_CONVERSION = YES;
				CLANG_WARN_CONSTANT_CONVERSION = YES;
				CLANG_WARN_DIRECT_OBJC_ISA_USAGE = YES_ERROR;
				CLANG_WARN_EMPTY_BODY = YES;
				CLANG_WARN_ENUM_CONVERSION = YES;
				CLANG_WARN_INFINITE_RECURSION = YES;
				CLANG_WARN_INT_CONVERSION = YES;
				CLANG_WARN_OBJC_ROOT_CLASS = YES_ERROR;
				CLANG_WARN_SUSPICIOUS_MOVE = YES;
				CLANG_WARN_UNREACHABLE_CODE = YES;
				CLANG_WARN__DUPLICATE_METHOD_MATCH = YES;
				"CODE_SIGN_IDENTITY[sdk=iphoneos*]" = "iPhone Developer";
				COPY_PHASE_STRIP = NO;
				DEBUG_INFORMATION_FORMAT = dwarf;
				ENABLE_STRICT_OBJC_MSGSEND = YES;
				ENABLE_TESTABILITY = YES;
				GCC_C_LANGUAGE_STANDARD = gnu99;
				GCC_DYNAMIC_NO_PIC = NO;
				GCC_NO_COMMON_BLOCKS = YES;
				GCC_OPTIMIZATION_LEVEL = 0;
				GCC_PREPROCESSOR_DEFINITIONS = (
					"DEBUG=1",
					"$(inherited)",
				);
				GCC_WARN_64_TO_32_BIT_CONVERSION = YES;
				GCC_WARN_ABOUT_RETURN_TYPE = YES_ERROR;
				GCC_WARN_UNDECLARED_SELECTOR = YES;
				GCC_WARN_UNINITIALIZED_AUTOS = YES_AGGRESSIVE;
				GCC_WARN_UNUSED_FUNCTION = YES;
				GCC_WARN_UNUSED_VARIABLE = YES;
				IPHONEOS_DEPLOYMENT_TARGET = 10.0;
				MTL_ENABLE_DEBUG_INFO = YES;
				ONLY_ACTIVE_ARCH = YES;
				SDKROOT = iphoneos;
				SWIFT_OPTIMIZATION_LEVEL = "-Onone";
				SWIFT_VERSION = 5.0;
				TARGETED_DEVICE_FAMILY = "1,2";
			};
			name = Debug;
		};
		E48D417E1D444F3F0028B84F /* Release */ = {
			isa = XCBuildConfiguration;
			buildSettings = {
				ALWAYS_SEARCH_USER_PATHS = NO;
				CLANG_ANALYZER_NONNULL = YES;
				CLANG_CXX_LANGUAGE_STANDARD = "gnu++0x";
				CLANG_CXX_LIBRARY = "libc++";
				CLANG_ENABLE_MODULES = YES;
				CLANG_ENABLE_OBJC_ARC = YES;
				CLANG_WARN_BOOL_CONVERSION = YES;
				CLANG_WARN_CONSTANT_CONVERSION = YES;
				CLANG_WARN_DIRECT_OBJC_ISA_USAGE = YES_ERROR;
				CLANG_WARN_EMPTY_BODY = YES;
				CLANG_WARN_ENUM_CONVERSION = YES;
				CLANG_WARN_INFINITE_RECURSION = YES;
				CLANG_WARN_INT_CONVERSION = YES;
				CLANG_WARN_OBJC_ROOT_CLASS = YES_ERROR;
				CLANG_WARN_SUSPICIOUS_MOVE = YES;
				CLANG_WARN_UNREACHABLE_CODE = YES;
				CLANG_WARN__DUPLICATE_METHOD_MATCH = YES;
				"CODE_SIGN_IDENTITY[sdk=iphoneos*]" = "iPhone Developer";
				COPY_PHASE_STRIP = NO;
				DEBUG_INFORMATION_FORMAT = "dwarf-with-dsym";
				ENABLE_NS_ASSERTIONS = NO;
				ENABLE_STRICT_OBJC_MSGSEND = YES;
				GCC_C_LANGUAGE_STANDARD = gnu99;
				GCC_NO_COMMON_BLOCKS = YES;
				GCC_WARN_64_TO_32_BIT_CONVERSION = YES;
				GCC_WARN_ABOUT_RETURN_TYPE = YES_ERROR;
				GCC_WARN_UNDECLARED_SELECTOR = YES;
				GCC_WARN_UNINITIALIZED_AUTOS = YES_AGGRESSIVE;
				GCC_WARN_UNUSED_FUNCTION = YES;
				GCC_WARN_UNUSED_VARIABLE = YES;
				IPHONEOS_DEPLOYMENT_TARGET = 10.0;
				MTL_ENABLE_DEBUG_INFO = NO;
				SDKROOT = iphoneos;
				SWIFT_OPTIMIZATION_LEVEL = "-Owholemodule";
				SWIFT_VERSION = 5.0;
				TARGETED_DEVICE_FAMILY = "1,2";
				VALIDATE_PRODUCT = YES;
			};
			name = Release;
		};
		E48D41801D444F3F0028B84F /* Debug */ = {
			isa = XCBuildConfiguration;
			baseConfigurationReference = 4F2FE7831EA2CA12EBD27AA5 /* Pods-Httper.debug.xcconfig */;
			buildSettings = {
				ALWAYS_EMBED_SWIFT_STANDARD_LIBRARIES = "$(inherited)";
				ALWAYS_SEARCH_USER_PATHS = NO;
				ASSETCATALOG_COMPILER_APPICON_NAME = AppIcon;
				CODE_SIGN_IDENTITY = "iPhone Developer";
				"CODE_SIGN_IDENTITY[sdk=iphoneos*]" = "iPhone Developer";
				CODE_SIGN_STYLE = Automatic;
				DEVELOPMENT_TEAM = 6ANM44X2CJ;
				INFOPLIST_FILE = Httper/Info.plist;
				IPHONEOS_DEPLOYMENT_TARGET = 10.0;
				LD_RUNPATH_SEARCH_PATHS = "$(inherited) @executable_path/Frameworks";
				OTHER_SWIFT_FLAGS = "$(inherited)";
				PRODUCT_BUNDLE_IDENTIFIER = pw.fczm.Httper;
				PRODUCT_NAME = "$(TARGET_NAME)";
				PROVISIONING_PROFILE = "";
				PROVISIONING_PROFILE_SPECIFIER = "";
				SWIFT_OBJC_BRIDGING_HEADER = "Httper/Httper-Bridging-Header.h";
				SWIFT_VERSION = 5.0;
			};
			name = Debug;
		};
		E48D41811D444F3F0028B84F /* Release */ = {
			isa = XCBuildConfiguration;
			baseConfigurationReference = 7EBC322CA510BFBBFF4AB72E /* Pods-Httper.release.xcconfig */;
			buildSettings = {
				ALWAYS_EMBED_SWIFT_STANDARD_LIBRARIES = "$(inherited)";
				ALWAYS_SEARCH_USER_PATHS = NO;
				ASSETCATALOG_COMPILER_APPICON_NAME = AppIcon;
				CODE_SIGN_IDENTITY = "iPhone Developer";
				"CODE_SIGN_IDENTITY[sdk=iphoneos*]" = "iPhone Developer";
				CODE_SIGN_STYLE = Automatic;
				DEVELOPMENT_TEAM = 6ANM44X2CJ;
				GCC_PREPROCESSOR_DEFINITIONS = (
					"$(inherited)",
					"DEBUG=0",
				);
				INFOPLIST_FILE = Httper/Info.plist;
				IPHONEOS_DEPLOYMENT_TARGET = 10.0;
				LD_RUNPATH_SEARCH_PATHS = "$(inherited) @executable_path/Frameworks";
				PRODUCT_BUNDLE_IDENTIFIER = pw.fczm.Httper;
				PRODUCT_NAME = "$(TARGET_NAME)";
				PROVISIONING_PROFILE = "";
				PROVISIONING_PROFILE_SPECIFIER = "";
				SWIFT_OBJC_BRIDGING_HEADER = "Httper/Httper-Bridging-Header.h";
				SWIFT_VERSION = 5.0;
			};
			name = Release;
		};
		E48D41831D444F3F0028B84F /* Debug */ = {
			isa = XCBuildConfiguration;
			buildSettings = {
				BUNDLE_LOADER = "$(TEST_HOST)";
				INFOPLIST_FILE = HttperTests/Info.plist;
				LD_RUNPATH_SEARCH_PATHS = "$(inherited) @executable_path/Frameworks @loader_path/Frameworks";
				PRODUCT_BUNDLE_IDENTIFIER = org.fczm.HttperTests;
				PRODUCT_NAME = "$(TARGET_NAME)";
				SWIFT_VERSION = 5.0;
				TEST_HOST = "$(BUILT_PRODUCTS_DIR)/Httper.app/Httper";
			};
			name = Debug;
		};
		E48D41841D444F3F0028B84F /* Release */ = {
			isa = XCBuildConfiguration;
			buildSettings = {
				BUNDLE_LOADER = "$(TEST_HOST)";
				INFOPLIST_FILE = HttperTests/Info.plist;
				LD_RUNPATH_SEARCH_PATHS = "$(inherited) @executable_path/Frameworks @loader_path/Frameworks";
				PRODUCT_BUNDLE_IDENTIFIER = org.fczm.HttperTests;
				PRODUCT_NAME = "$(TARGET_NAME)";
				SWIFT_VERSION = 5.0;
				TEST_HOST = "$(BUILT_PRODUCTS_DIR)/Httper.app/Httper";
			};
			name = Release;
		};
		E48D41861D444F3F0028B84F /* Debug */ = {
			isa = XCBuildConfiguration;
			buildSettings = {
				INFOPLIST_FILE = HttperUITests/Info.plist;
				LD_RUNPATH_SEARCH_PATHS = "$(inherited) @executable_path/Frameworks @loader_path/Frameworks";
				PRODUCT_BUNDLE_IDENTIFIER = org.fczm.HttperUITests;
				PRODUCT_NAME = "$(TARGET_NAME)";
				SWIFT_VERSION = 5.0;
				TEST_TARGET_NAME = Httper;
			};
			name = Debug;
		};
		E48D41871D444F3F0028B84F /* Release */ = {
			isa = XCBuildConfiguration;
			buildSettings = {
				INFOPLIST_FILE = HttperUITests/Info.plist;
				LD_RUNPATH_SEARCH_PATHS = "$(inherited) @executable_path/Frameworks @loader_path/Frameworks";
				PRODUCT_BUNDLE_IDENTIFIER = org.fczm.HttperUITests;
				PRODUCT_NAME = "$(TARGET_NAME)";
				SWIFT_VERSION = 5.0;
				TEST_TARGET_NAME = Httper;
			};
			name = Release;
		};
/* End XCBuildConfiguration section */

/* Begin XCConfigurationList section */
		E48D414F1D444F3F0028B84F /* Build configuration list for PBXProject "Httper" */ = {
			isa = XCConfigurationList;
			buildConfigurations = (
				E48D417D1D444F3F0028B84F /* Debug */,
				E48D417E1D444F3F0028B84F /* Release */,
			);
			defaultConfigurationIsVisible = 0;
			defaultConfigurationName = Release;
		};
		E48D417F1D444F3F0028B84F /* Build configuration list for PBXNativeTarget "Httper" */ = {
			isa = XCConfigurationList;
			buildConfigurations = (
				E48D41801D444F3F0028B84F /* Debug */,
				E48D41811D444F3F0028B84F /* Release */,
			);
			defaultConfigurationIsVisible = 0;
			defaultConfigurationName = Release;
		};
		E48D41821D444F3F0028B84F /* Build configuration list for PBXNativeTarget "HttperTests" */ = {
			isa = XCConfigurationList;
			buildConfigurations = (
				E48D41831D444F3F0028B84F /* Debug */,
				E48D41841D444F3F0028B84F /* Release */,
			);
			defaultConfigurationIsVisible = 0;
			defaultConfigurationName = Release;
		};
		E48D41851D444F3F0028B84F /* Build configuration list for PBXNativeTarget "HttperUITests" */ = {
			isa = XCConfigurationList;
			buildConfigurations = (
				E48D41861D444F3F0028B84F /* Debug */,
				E48D41871D444F3F0028B84F /* Release */,
			);
			defaultConfigurationIsVisible = 0;
			defaultConfigurationName = Release;
		};
/* End XCConfigurationList section */

/* Begin XCVersionGroup section */
		E48D415E1D444F3F0028B84F /* Httper.xcdatamodeld */ = {
			isa = XCVersionGroup;
			children = (
				E45BB55D1E5410C90095F959 /* Httper_1.4.xcdatamodel */,
				E4CA76141E3F80B2008D7A52 /* Httper_1.3.xcdatamodel */,
				E47FDC631E38674200251EEC /* Httper_1.2.xcdatamodel */,
				E48D415F1D444F3F0028B84F /* Httper.xcdatamodel */,
			);
			currentVersion = E45BB55D1E5410C90095F959 /* Httper_1.4.xcdatamodel */;
			path = Httper.xcdatamodeld;
			sourceTree = "<group>";
			usesTabs = 0;
			versionGroupType = wrapper.xcdatamodel;
		};
/* End XCVersionGroup section */
	};
	rootObject = E48D414C1D444F3F0028B84F /* Project object */;
}
